// !$*UTF8*$!
{
	archiveVersion = 1;
	classes = {
	};
	objectVersion = 46;
	objects = {

/* Begin PBXBuildFile section */
		0446E5D05094D4CCE01D84FD /* OCBLoadingView.m in Sources */ = {isa = PBXBuildFile; fileRef = 7E980D670DA418DB6590D0D8 /* OCBLoadingView.m */; };
		0C095832362D16490D8EED09 /* OCBKeychainStore.m in Sources */ = {isa = PBXBuildFile; fileRef = 8B35B685A3191882B273CBBE /* OCBKeychainStore.m */; };
		0D21AB8CBBD800D5A3FB6B08 /* Pods_OCAppBox.framework in Frameworks */ = {isa = PBXBuildFile; fileRef = D0ED6A80D5E691670E19225B /* Pods_OCAppBox.framework */; };
		0E6FF7B646A19819DF6C9AB5 /* AppDelegate.m in Sources */ = {isa = PBXBuildFile; fileRef = 7D2334F40B2E028627023209 /* AppDelegate.m */; };
		0F55345E4D97455A3359D6ED /* OCBStarterAppConfiguration.m in Sources */ = {isa = PBXBuildFile; fileRef = E615B181C6DFCE8C4EAE487D /* OCBStarterAppConfiguration.m */; };
		13078E2017D893E842A36861 /* OCBFoundationTests.m in Sources */ = {isa = PBXBuildFile; fileRef = C3A9BA6AD441439F53DB4123 /* OCBFoundationTests.m */; };
		1313F8CCBF26DB3FECA01F3E /* OCBModuleManager.m in Sources */ = {isa = PBXBuildFile; fileRef = 9D3C3065B8F5753F286FD32F /* OCBModuleManager.m */; };
		1321E8F58C56B4F7C30ED406 /* UIKit.framework in Frameworks */ = {isa = PBXBuildFile; fileRef = 4F274CCA5F467811678EF6D8 /* UIKit.framework */; };
		138FAFB812ACACCA87EFC9D1 /* OCBThemeManager.m in Sources */ = {isa = PBXBuildFile; fileRef = 8C6F15ABFF04C72C0FC12AD6 /* OCBThemeManager.m */; };
		169B44C4B611CF1E345E4E7B /* OCBBaseModel.m in Sources */ = {isa = PBXBuildFile; fileRef = 439DEB6F099D63612411F106 /* OCBBaseModel.m */; };
		16BBA247A5DD7842E4600C92 /* OCBLogger.m in Sources */ = {isa = PBXBuildFile; fileRef = A9DDE31B0F99D72BD514705D /* OCBLogger.m */; };
		171650AC3450FD9DF4110278 /* OCBNetworkError.m in Sources */ = {isa = PBXBuildFile; fileRef = DC529315A5249BAFB484B587 /* OCBNetworkError.m */; };
		1E3DB05F208788331DBE7142 /* OCBAccountBootstrapTask.m in Sources */ = {isa = PBXBuildFile; fileRef = 21B09B9F1779868B4E33F140 /* OCBAccountBootstrapTask.m */; };
		24B6B7A1C54F58B5FC9CBFDD /* OCBDemoAppLauncherTests.m in Sources */ = {isa = PBXBuildFile; fileRef = CD985664ECE3833CA016191B /* OCBDemoAppLauncherTests.m */; };
		24BFF93DC321096A74621B9B /* OCBAccountModule.m in Sources */ = {isa = PBXBuildFile; fileRef = 3103C191917D52D8B58D5285 /* OCBAccountModule.m */; };
		26A56935BCB8326B117367B8 /* OCBNavController.m in Sources */ = {isa = PBXBuildFile; fileRef = A21DE8B8C43D3CFB2EFA222F /* OCBNavController.m */; };
		2CAC43F75405D135D8728BC3 /* Foundation.framework in Frameworks */ = {isa = PBXBuildFile; fileRef = E60571BD0677CB3299398E0B /* Foundation.framework */; };
		2E4A135D2ECAC02A5FC5B375 /* OCBAPIResponseMapper.m in Sources */ = {isa = PBXBuildFile; fileRef = EB2EFD3821DEC4BA289BB591 /* OCBAPIResponseMapper.m */; };
		2E8F2D879B25052CA8BB3D41 /* OCBRequest.m in Sources */ = {isa = PBXBuildFile; fileRef = 0A6B620A50D1ACE61DDC037B /* OCBRequest.m */; };
		3BD4A6F20DAD313490BD2DCE /* OCBHomeViewController.m in Sources */ = {isa = PBXBuildFile; fileRef = F0F230B5DF4F91B7E6DC3946 /* OCBHomeViewController.m */; };
		3FB8169B800E18D598E6DD61 /* Security.framework in Frameworks */ = {isa = PBXBuildFile; fileRef = C14094BDFC8360C8832BDDBD /* Security.framework */; };
		40822D802C5631F1C574B343 /* OCBRemoteConfigService.m in Sources */ = {isa = PBXBuildFile; fileRef = E0C71710B12976FD68487FB8 /* OCBRemoteConfigService.m */; };
		427830C2C0E8071347C7EAAA /* NSArray+OCBAdditions.m in Sources */ = {isa = PBXBuildFile; fileRef = C1B19A825051C7454BA21882 /* NSArray+OCBAdditions.m */; };
		42F5D41828C12763BEA3DB29 /* OCBBaseModelTests.m in Sources */ = {isa = PBXBuildFile; fileRef = 7290F59F1A6792F99D2FB648 /* OCBBaseModelTests.m */; };
		46277EE5C64D5B1C0330D1DA /* OCBAccountViewController.m in Sources */ = {isa = PBXBuildFile; fileRef = 1C95DAE625C6AB364BA6073D /* OCBAccountViewController.m */; };
		48DDEE895B77844C926CCB3D /* OCBHomeModule.m in Sources */ = {isa = PBXBuildFile; fileRef = C63BD59084DCC7822DABEA0B /* OCBHomeModule.m */; };
		4D9CC4E35E6F816B527D6AF9 /* OCBCacheCenterTests.m in Sources */ = {isa = PBXBuildFile; fileRef = 448786E54E0925A9D41E8B27 /* OCBCacheCenterTests.m */; };
		4DAEF880ECE97A03042B95C7 /* OCBConfigCenterTests.m in Sources */ = {isa = PBXBuildFile; fileRef = A762A658F5534FF7B2B2F2D3 /* OCBConfigCenterTests.m */; };
		4E3767F6FACC13C72F72DF84 /* OCBKeychainStoreTests.m in Sources */ = {isa = PBXBuildFile; fileRef = A7F9E219D09E6798FB995AD1 /* OCBKeychainStoreTests.m */; };
		4F00951F073B40CFADCBC25D /* OCBUIBaseControllerTests.m in Sources */ = {isa = PBXBuildFile; fileRef = 8401B17EC8B32395CF0B047A /* OCBUIBaseControllerTests.m */; };
		509D93479F2E6662D274A5CC /* OCBUserSession.m in Sources */ = {isa = PBXBuildFile; fileRef = CFE7E0937436E896664DF567 /* OCBUserSession.m */; };
		51D09C6685C20DBA19E769C2 /* OCBUserSessionService.m in Sources */ = {isa = PBXBuildFile; fileRef = 6D07231A8D44BA1FE25AA332 /* OCBUserSessionService.m */; };
		532A890E4F944A940DD74B51 /* OCBEmptyStateView.m in Sources */ = {isa = PBXBuildFile; fileRef = 0926CAF071C2285194CC4BCC /* OCBEmptyStateView.m */; };
		55F5315201A978EE3C5211B2 /* OCBNetworkClient.m in Sources */ = {isa = PBXBuildFile; fileRef = AF58FECB8A62C066E7975861 /* OCBNetworkClient.m */; };
		579D884DDE1ADF0C4F791C06 /* OCBPermissionService.m in Sources */ = {isa = PBXBuildFile; fileRef = 7B41E5539369D0E4B3557D5C /* OCBPermissionService.m */; };
		5A6A92B5DF2936CF3474458D /* Foundation.framework in Frameworks */ = {isa = PBXBuildFile; fileRef = E60571BD0677CB3299398E0B /* Foundation.framework */; };
		5CF96A69D0A36422C34B65B8 /* OCBRouterTests.m in Sources */ = {isa = PBXBuildFile; fileRef = 29098DE1B7915817AE390743 /* OCBRouterTests.m */; };
		5D051C35F1B7E1FC87B22A76 /* OCBRouter.m in Sources */ = {isa = PBXBuildFile; fileRef = 65D8946CB21631EA76ACBE8E /* OCBRouter.m */; };
		684ABBF292CB61EDE228C0FD /* OCBAppContext.m in Sources */ = {isa = PBXBuildFile; fileRef = 618C844FEA8DFACAC2C1D9B9 /* OCBAppContext.m */; };
		6867863B2952DDFD16A4E8F9 /* OCBDebugPanelViewController.m in Sources */ = {isa = PBXBuildFile; fileRef = ABDBAA993751F651FB744797 /* OCBDebugPanelViewController.m */; };
		68C56C885934AC6D2ACECA77 /* OCBProfileViewController.m in Sources */ = {isa = PBXBuildFile; fileRef = 78F2A687C7B4073C622615DA /* OCBProfileViewController.m */; };
		722FACEF76AA18F8B41CCA45 /* OCBServiceRegistryTests.m in Sources */ = {isa = PBXBuildFile; fileRef = E95DE3388B35299B7080D20F /* OCBServiceRegistryTests.m */; };
		75EFD499299346A45E851EB2 /* OCBBaseAPIService.m in Sources */ = {isa = PBXBuildFile; fileRef = A1D11F360B984D4808F0AB3B /* OCBBaseAPIService.m */; };
		76ACA68296F898B4D5C805B4 /* LaunchScreen.storyboard in Resources */ = {isa = PBXBuildFile; fileRef = 2AE080B73F18AD39F4A10610 /* LaunchScreen.storyboard */; };
		77429FF25DD42B997325F6A8 /* OCBHomeBootstrapTask.m in Sources */ = {isa = PBXBuildFile; fileRef = 8ED533F0C6762A58D31CCCC1 /* OCBHomeBootstrapTask.m */; };
		79EF5D385F45200D58A0B643 /* OCBAppMetadata.m in Sources */ = {isa = PBXBuildFile; fileRef = EAEBB77D1A2224EA77FCF8DB /* OCBAppMetadata.m */; };
		7B23B3FD874033054AFB3671 /* OCBBaseAPIServiceTests.m in Sources */ = {isa = PBXBuildFile; fileRef = 8ED7300351C25BA22B92BE2E /* OCBBaseAPIServiceTests.m */; };
		7DFD19A148CF2FEAB6CDF1FE /* OCBAutoRegister.m in Sources */ = {isa = PBXBuildFile; fileRef = 88C3C7FC922C07CB59646EE3 /* OCBAutoRegister.m */; };
		848B56EC9E881C62E5B9385C /* NSDictionary+OCBAdditions.m in Sources */ = {isa = PBXBuildFile; fileRef = 6F9978DD1F4B52ECFCAD68F8 /* NSDictionary+OCBAdditions.m */; };
		84EEBC0B938B0A2C26FF23D5 /* OCBBaseCollectionViewController.m in Sources */ = {isa = PBXBuildFile; fileRef = 90A57017F285831B9E1EAAAF /* OCBBaseCollectionViewController.m */; };
		8545C0521EE69A84D98641A7 /* OCBDemoRouteCatalog.m in Sources */ = {isa = PBXBuildFile; fileRef = 1C415DA9017F6AB91D95036E /* OCBDemoRouteCatalog.m */; };
		85724EF8E6B4F736DE97646A /* OCBAuthService.m in Sources */ = {isa = PBXBuildFile; fileRef = FD1F86C2B42E7C71EC7A0DF0 /* OCBAuthService.m */; };
		8B5D9BAC4F1D7837C47875EC /* OCBConfigCenter.m in Sources */ = {isa = PBXBuildFile; fileRef = D97A1A2B1E532ED679A0A91F /* OCBConfigCenter.m */; };
		8F99A31475A4F01C1819B129 /* UIKit.framework in Frameworks */ = {isa = PBXBuildFile; fileRef = 4F274CCA5F467811678EF6D8 /* UIKit.framework */; };
		929C9A42FF89684D51C34389 /* OCBBaseViewController.m in Sources */ = {isa = PBXBuildFile; fileRef = 0149F0C4B559BDD5ADACBA16 /* OCBBaseViewController.m */; };
		9A3C9B6FD5CF769041CA31E8 /* OCBServiceRegistry.m in Sources */ = {isa = PBXBuildFile; fileRef = BB3E494421A95CC21088DCCB /* OCBServiceRegistry.m */; };
		9B179DCE75A26BCCBE89BC0A /* UIView+OCBAdditions.m in Sources */ = {isa = PBXBuildFile; fileRef = BE5DDFB4FDD0E1970F78FEEB /* UIView+OCBAdditions.m */; };
		A18643732D63F261B927421C /* OCBDebugPanelModule.m in Sources */ = {isa = PBXBuildFile; fileRef = 90DE72C7A862A5A3908B13B5 /* OCBDebugPanelModule.m */; };
		A1C205BBC4E9CAFE3E9D13B1 /* OCBToast.m in Sources */ = {isa = PBXBuildFile; fileRef = 41492BC7766E690A42AFC6D7 /* OCBToast.m */; };
		AD68ABBBD60364D0230ED347 /* OCBProfileModule.m in Sources */ = {isa = PBXBuildFile; fileRef = D66E4FB85EB683A673B53E76 /* OCBProfileModule.m */; };
		ADCF97B48C497EA3D5D4F65B /* OCBNetworkResponseTests.m in Sources */ = {isa = PBXBuildFile; fileRef = 18E20BD4406F44A1BEB9E3B2 /* OCBNetworkResponseTests.m */; };
		BD1A874EB28B0F2591F22B8D /* OCBAppContextTests.m in Sources */ = {isa = PBXBuildFile; fileRef = BFCC60FBD05A8A26B9FF6300 /* OCBAppContextTests.m */; };
		C507C5248A85AEAD6C722362 /* main.m in Sources */ = {isa = PBXBuildFile; fileRef = 476BFB50406F8488B0C6B642 /* main.m */; };
		C8B35806ACE5D9C2A2FA928C /* OCBStarterAppConfigurationTests.m in Sources */ = {isa = PBXBuildFile; fileRef = DAE8C69266F3431F7052B545 /* OCBStarterAppConfigurationTests.m */; };
		CBDDFD53C0830D3A37A0EC12 /* OCBNetworkResponse.m in Sources */ = {isa = PBXBuildFile; fileRef = 5167855A649B8F84C509322A /* OCBNetworkResponse.m */; };
		CD04847AD9EB21A3D06A5C0E /* OCBCacheCenter.m in Sources */ = {isa = PBXBuildFile; fileRef = 38D34916F03F12E200879887 /* OCBCacheCenter.m */; };
		D2B0B611A7CFE53D0CAE6339 /* OCBBaseTableViewController.m in Sources */ = {isa = PBXBuildFile; fileRef = 0EF9B3C312539CC4DB61741B /* OCBBaseTableViewController.m */; };
		DB9F0AA466EEA2B89B043A14 /* OCBDemoAppLauncher.m in Sources */ = {isa = PBXBuildFile; fileRef = 2E9C61CE83DF816A8BC30F28 /* OCBDemoAppLauncher.m */; };
		DD0C3E7EE6CDACE0E1A649FD /* OCBNetworkClientTests.m in Sources */ = {isa = PBXBuildFile; fileRef = 2EA8748C0D44AF7F066097F3 /* OCBNetworkClientTests.m */; };
		DD577E3EAD71634477A1E1A8 /* OCBProfileBootstrapTask.m in Sources */ = {isa = PBXBuildFile; fileRef = 5FACE954EF7DE93A1E5F2546 /* OCBProfileBootstrapTask.m */; };
		E5FBBE2D5C812F7B53C87283 /* OCBTabBarItemDescriptor.m in Sources */ = {isa = PBXBuildFile; fileRef = AFFE6E674D52E7F6401BF6FF /* OCBTabBarItemDescriptor.m */; };
		E5FE96927B938E74FBB8D1A8 /* OCBModuleManagerTests.m in Sources */ = {isa = PBXBuildFile; fileRef = BC4B7D5100428B6491AF05E8 /* OCBModuleManagerTests.m */; };
		E8AA416DF5438F19A3039A2E /* Pods_OCAppBoxTests.framework in Frameworks */ = {isa = PBXBuildFile; fileRef = A982AE8DCC81D6B9977B3DA8 /* Pods_OCAppBoxTests.framework */; };
		EB2AD1A32BA3D0A9DEC4C0C3 /* OCBTabBarController.m in Sources */ = {isa = PBXBuildFile; fileRef = A60E5E92B572FD78C3BE2EF2 /* OCBTabBarController.m */; };
		EF53B0E4AA5DAF29BF73D666 /* NSString+OCBAdditions.m in Sources */ = {isa = PBXBuildFile; fileRef = 9797E1C0CEC85B28DC5F7972 /* NSString+OCBAdditions.m */; };
		FA9024363AC671C09053907C /* UIColor+OCBAdditions.m in Sources */ = {isa = PBXBuildFile; fileRef = 0C8C7DC76832EEF1E45D82B1 /* UIColor+OCBAdditions.m */; };
/* End PBXBuildFile section */

/* Begin PBXContainerItemProxy section */
		27C0281ACE5DB1D928BF84ED /* PBXContainerItemProxy */ = {
			isa = PBXContainerItemProxy;
			containerPortal = 7B27D4D9454229034F5F8485 /* Project object */;
			proxyType = 1;
			remoteGlobalIDString = A83EAFA15DC69B5605D023A9;
			remoteInfo = OCAppBox;
		};
/* End PBXContainerItemProxy section */

/* Begin PBXFileReference section */
		0149F0C4B559BDD5ADACBA16 /* OCBBaseViewController.m */ = {isa = PBXFileReference; includeInIndex = 1; lastKnownFileType = sourcecode.c.objc; path = OCBBaseViewController.m; sourceTree = "<group>"; };
		04C26A982B3E89F3BACF787B /* OCBKeychainStore.h */ = {isa = PBXFileReference; includeInIndex = 1; lastKnownFileType = sourcecode.c.h; path = OCBKeychainStore.h; sourceTree = "<group>"; };
		083B2465808BC88E3D580DF7 /* OCBCacheCenter.h */ = {isa = PBXFileReference; includeInIndex = 1; lastKnownFileType = sourcecode.c.h; path = OCBCacheCenter.h; sourceTree = "<group>"; };
		0926CAF071C2285194CC4BCC /* OCBEmptyStateView.m */ = {isa = PBXFileReference; includeInIndex = 1; lastKnownFileType = sourcecode.c.objc; path = OCBEmptyStateView.m; sourceTree = "<group>"; };
		0A6B620A50D1ACE61DDC037B /* OCBRequest.m */ = {isa = PBXFileReference; includeInIndex = 1; lastKnownFileType = sourcecode.c.objc; path = OCBRequest.m; sourceTree = "<group>"; };
		0C8C7DC76832EEF1E45D82B1 /* UIColor+OCBAdditions.m */ = {isa = PBXFileReference; includeInIndex = 1; lastKnownFileType = sourcecode.c.objc; path = "UIColor+OCBAdditions.m"; sourceTree = "<group>"; };
		0D01FF1B1E4FC40CC3CB5F4E /* OCBAccountViewController.h */ = {isa = PBXFileReference; includeInIndex = 1; lastKnownFileType = sourcecode.c.h; path = OCBAccountViewController.h; sourceTree = "<group>"; };
		0EF9B3C312539CC4DB61741B /* OCBBaseTableViewController.m */ = {isa = PBXFileReference; includeInIndex = 1; lastKnownFileType = sourcecode.c.objc; path = OCBBaseTableViewController.m; sourceTree = "<group>"; };
		0FA50F61A23BDB5879C1D440 /* OCBAccountBootstrapTask.h */ = {isa = PBXFileReference; includeInIndex = 1; lastKnownFileType = sourcecode.c.h; path = OCBAccountBootstrapTask.h; sourceTree = "<group>"; };
		0FF1937B7FD21910FD329785 /* NSArray+OCBAdditions.h */ = {isa = PBXFileReference; includeInIndex = 1; lastKnownFileType = sourcecode.c.h; path = "NSArray+OCBAdditions.h"; sourceTree = "<group>"; };
		11BD256593A95EA1D1A4B880 /* UIColor+OCBAdditions.h */ = {isa = PBXFileReference; includeInIndex = 1; lastKnownFileType = sourcecode.c.h; path = "UIColor+OCBAdditions.h"; sourceTree = "<group>"; };
		126A974FEC18DD79C2E004FE /* OCBProfileBootstrapTask.h */ = {isa = PBXFileReference; includeInIndex = 1; lastKnownFileType = sourcecode.c.h; path = OCBProfileBootstrapTask.h; sourceTree = "<group>"; };
		175E28F8FBD7FBD7282120AB /* OCBAutoRegister.h */ = {isa = PBXFileReference; includeInIndex = 1; lastKnownFileType = sourcecode.c.h; path = OCBAutoRegister.h; sourceTree = "<group>"; };
		18CCED7F2C4740B37367D0CE /* OCBUserSessionService.h */ = {isa = PBXFileReference; includeInIndex = 1; lastKnownFileType = sourcecode.c.h; path = OCBUserSessionService.h; sourceTree = "<group>"; };
		18E20BD4406F44A1BEB9E3B2 /* OCBNetworkResponseTests.m */ = {isa = PBXFileReference; includeInIndex = 1; lastKnownFileType = sourcecode.c.objc; path = OCBNetworkResponseTests.m; sourceTree = "<group>"; };
		1C415DA9017F6AB91D95036E /* OCBDemoRouteCatalog.m */ = {isa = PBXFileReference; includeInIndex = 1; lastKnownFileType = sourcecode.c.objc; path = OCBDemoRouteCatalog.m; sourceTree = "<group>"; };
		1C95DAE625C6AB364BA6073D /* OCBAccountViewController.m */ = {isa = PBXFileReference; includeInIndex = 1; lastKnownFileType = sourcecode.c.objc; path = OCBAccountViewController.m; sourceTree = "<group>"; };
		1F146158F939049666A905C4 /* OCBNetworkResponse.h */ = {isa = PBXFileReference; includeInIndex = 1; lastKnownFileType = sourcecode.c.h; path = OCBNetworkResponse.h; sourceTree = "<group>"; };
		21B09B9F1779868B4E33F140 /* OCBAccountBootstrapTask.m */ = {isa = PBXFileReference; includeInIndex = 1; lastKnownFileType = sourcecode.c.objc; path = OCBAccountBootstrapTask.m; sourceTree = "<group>"; };
		2297D8E4BBEBC48A281C392C /* OCBConfigCenter.h */ = {isa = PBXFileReference; includeInIndex = 1; lastKnownFileType = sourcecode.c.h; path = OCBConfigCenter.h; sourceTree = "<group>"; };
		29098DE1B7915817AE390743 /* OCBRouterTests.m */ = {isa = PBXFileReference; includeInIndex = 1; lastKnownFileType = sourcecode.c.objc; path = OCBRouterTests.m; sourceTree = "<group>"; };
		2A59A5F82D69EA1463989F4B /* OCBBaseCollectionViewController.h */ = {isa = PBXFileReference; includeInIndex = 1; lastKnownFileType = sourcecode.c.h; path = OCBBaseCollectionViewController.h; sourceTree = "<group>"; };
		2AE080B73F18AD39F4A10610 /* LaunchScreen.storyboard */ = {isa = PBXFileReference; includeInIndex = 1; lastKnownFileType = file.storyboard; path = LaunchScreen.storyboard; sourceTree = "<group>"; };
		2D8FCC5D4435D37157CB8390 /* OCBNetworkClient.h */ = {isa = PBXFileReference; includeInIndex = 1; lastKnownFileType = sourcecode.c.h; path = OCBNetworkClient.h; sourceTree = "<group>"; };
		2E9C61CE83DF816A8BC30F28 /* OCBDemoAppLauncher.m */ = {isa = PBXFileReference; includeInIndex = 1; lastKnownFileType = sourcecode.c.objc; path = OCBDemoAppLauncher.m; sourceTree = "<group>"; };
		2EA8748C0D44AF7F066097F3 /* OCBNetworkClientTests.m */ = {isa = PBXFileReference; includeInIndex = 1; lastKnownFileType = sourcecode.c.objc; path = OCBNetworkClientTests.m; sourceTree = "<group>"; };
		305EA887FB65D6BBA48F4DED /* OCBRouter.h */ = {isa = PBXFileReference; includeInIndex = 1; lastKnownFileType = sourcecode.c.h; path = OCBRouter.h; sourceTree = "<group>"; };
		3103C191917D52D8B58D5285 /* OCBAccountModule.m */ = {isa = PBXFileReference; includeInIndex = 1; lastKnownFileType = sourcecode.c.objc; path = OCBAccountModule.m; sourceTree = "<group>"; };
		344A904750A7CFA279317DFB /* OCBStarterAppConfiguration.h */ = {isa = PBXFileReference; includeInIndex = 1; lastKnownFileType = sourcecode.c.h; path = OCBStarterAppConfiguration.h; sourceTree = "<group>"; };
		358F6D9DD35F7DD341B77A01 /* OCBLoadingView.h */ = {isa = PBXFileReference; includeInIndex = 1; lastKnownFileType = sourcecode.c.h; path = OCBLoadingView.h; sourceTree = "<group>"; };
		37AE4413D0C8F38964E5643B /* OCBAppContext.h */ = {isa = PBXFileReference; includeInIndex = 1; lastKnownFileType = sourcecode.c.h; path = OCBAppContext.h; sourceTree = "<group>"; };
		38D34916F03F12E200879887 /* OCBCacheCenter.m */ = {isa = PBXFileReference; includeInIndex = 1; lastKnownFileType = sourcecode.c.objc; path = OCBCacheCenter.m; sourceTree = "<group>"; };
		39E083F8D7918E120BA00465 /* OCBServiceRegistry.h */ = {isa = PBXFileReference; includeInIndex = 1; lastKnownFileType = sourcecode.c.h; path = OCBServiceRegistry.h; sourceTree = "<group>"; };
		3B257C21D3B0B25860F85C50 /* OCBLogger.h */ = {isa = PBXFileReference; includeInIndex = 1; lastKnownFileType = sourcecode.c.h; path = OCBLogger.h; sourceTree = "<group>"; };
		41492BC7766E690A42AFC6D7 /* OCBToast.m */ = {isa = PBXFileReference; includeInIndex = 1; lastKnownFileType = sourcecode.c.objc; path = OCBToast.m; sourceTree = "<group>"; };
		42C4336E6BC44DC87AA9EC9F /* OCBModuleManager.h */ = {isa = PBXFileReference; includeInIndex = 1; lastKnownFileType = sourcecode.c.h; path = OCBModuleManager.h; sourceTree = "<group>"; };
		439DEB6F099D63612411F106 /* OCBBaseModel.m */ = {isa = PBXFileReference; includeInIndex = 1; lastKnownFileType = sourcecode.c.objc; path = OCBBaseModel.m; sourceTree = "<group>"; };
		448786E54E0925A9D41E8B27 /* OCBCacheCenterTests.m */ = {isa = PBXFileReference; includeInIndex = 1; lastKnownFileType = sourcecode.c.objc; path = OCBCacheCenterTests.m; sourceTree = "<group>"; };
		471FA51AEC0B1079D3C9D189 /* OCBTabBarController.h */ = {isa = PBXFileReference; includeInIndex = 1; lastKnownFileType = sourcecode.c.h; path = OCBTabBarController.h; sourceTree = "<group>"; };
		476BFB50406F8488B0C6B642 /* main.m */ = {isa = PBXFileReference; includeInIndex = 1; lastKnownFileType = sourcecode.c.objc; path = main.m; sourceTree = "<group>"; };
		4A8FF30C9D54F5818E6CD2A0 /* NSDictionary+OCBAdditions.h */ = {isa = PBXFileReference; includeInIndex = 1; lastKnownFileType = sourcecode.c.h; path = "NSDictionary+OCBAdditions.h"; sourceTree = "<group>"; };
		4F274CCA5F467811678EF6D8 /* UIKit.framework */ = {isa = PBXFileReference; lastKnownFileType = wrapper.framework; name = UIKit.framework; path = System/Library/Frameworks/UIKit.framework; sourceTree = "<group>"; };
		5167855A649B8F84C509322A /* OCBNetworkResponse.m */ = {isa = PBXFileReference; includeInIndex = 1; lastKnownFileType = sourcecode.c.objc; path = OCBNetworkResponse.m; sourceTree = "<group>"; };
		5FACE954EF7DE93A1E5F2546 /* OCBProfileBootstrapTask.m */ = {isa = PBXFileReference; includeInIndex = 1; lastKnownFileType = sourcecode.c.objc; path = OCBProfileBootstrapTask.m; sourceTree = "<group>"; };
		618C844FEA8DFACAC2C1D9B9 /* OCBAppContext.m */ = {isa = PBXFileReference; includeInIndex = 1; lastKnownFileType = sourcecode.c.objc; path = OCBAppContext.m; sourceTree = "<group>"; };
		64BE050B60D05EE9ED4E558B /* Pods-OCAppBox.debug.xcconfig */ = {isa = PBXFileReference; includeInIndex = 1; lastKnownFileType = text.xcconfig; name = "Pods-OCAppBox.debug.xcconfig"; path = "Target Support Files/Pods-OCAppBox/Pods-OCAppBox.debug.xcconfig"; sourceTree = "<group>"; };
		65D8946CB21631EA76ACBE8E /* OCBRouter.m */ = {isa = PBXFileReference; includeInIndex = 1; lastKnownFileType = sourcecode.c.objc; path = OCBRouter.m; sourceTree = "<group>"; };
		68964ED1266C14AECE3E8911 /* Pods-OCAppBoxTests.debug.xcconfig */ = {isa = PBXFileReference; includeInIndex = 1; lastKnownFileType = text.xcconfig; name = "Pods-OCAppBoxTests.debug.xcconfig"; path = "Target Support Files/Pods-OCAppBoxTests/Pods-OCAppBoxTests.debug.xcconfig"; sourceTree = "<group>"; };
		6D07231A8D44BA1FE25AA332 /* OCBUserSessionService.m */ = {isa = PBXFileReference; includeInIndex = 1; lastKnownFileType = sourcecode.c.objc; path = OCBUserSessionService.m; sourceTree = "<group>"; };
		6F9978DD1F4B52ECFCAD68F8 /* NSDictionary+OCBAdditions.m */ = {isa = PBXFileReference; includeInIndex = 1; lastKnownFileType = sourcecode.c.objc; path = "NSDictionary+OCBAdditions.m"; sourceTree = "<group>"; };
		7290F59F1A6792F99D2FB648 /* OCBBaseModelTests.m */ = {isa = PBXFileReference; includeInIndex = 1; lastKnownFileType = sourcecode.c.objc; path = OCBBaseModelTests.m; sourceTree = "<group>"; };
		73E5F484A8F3DAEC9BAF71F8 /* OCBBaseAPIService.h */ = {isa = PBXFileReference; includeInIndex = 1; lastKnownFileType = sourcecode.c.h; path = OCBBaseAPIService.h; sourceTree = "<group>"; };
		78F2A687C7B4073C622615DA /* OCBProfileViewController.m */ = {isa = PBXFileReference; includeInIndex = 1; lastKnownFileType = sourcecode.c.objc; path = OCBProfileViewController.m; sourceTree = "<group>"; };
		7B41E5539369D0E4B3557D5C /* OCBPermissionService.m */ = {isa = PBXFileReference; includeInIndex = 1; lastKnownFileType = sourcecode.c.objc; path = OCBPermissionService.m; sourceTree = "<group>"; };
		7B8C700DFBE29393F8FF01AD /* OCBBaseViewController.h */ = {isa = PBXFileReference; includeInIndex = 1; lastKnownFileType = sourcecode.c.h; path = OCBBaseViewController.h; sourceTree = "<group>"; };
		7BE85D50BFC3B7D4A9CE39DB /* OCAppBoxTests.xctest */ = {isa = PBXFileReference; explicitFileType = wrapper.cfbundle; includeInIndex = 0; path = OCAppBoxTests.xctest; sourceTree = BUILT_PRODUCTS_DIR; };
		7D2334F40B2E028627023209 /* AppDelegate.m */ = {isa = PBXFileReference; includeInIndex = 1; lastKnownFileType = sourcecode.c.objc; path = AppDelegate.m; sourceTree = "<group>"; };
		7DB321D27BA7F0ED13D518BC /* OCBDebugPanelViewController.h */ = {isa = PBXFileReference; includeInIndex = 1; lastKnownFileType = sourcecode.c.h; path = OCBDebugPanelViewController.h; sourceTree = "<group>"; };
		7DDE7F55764570B701B4CA8F /* OCBNetworkError.h */ = {isa = PBXFileReference; includeInIndex = 1; lastKnownFileType = sourcecode.c.h; path = OCBNetworkError.h; sourceTree = "<group>"; };
		7E980D670DA418DB6590D0D8 /* OCBLoadingView.m */ = {isa = PBXFileReference; includeInIndex = 1; lastKnownFileType = sourcecode.c.objc; path = OCBLoadingView.m; sourceTree = "<group>"; };
		7EB261B8B0FF3444ECA24C89 /* Info.plist */ = {isa = PBXFileReference; includeInIndex = 1; lastKnownFileType = text.plist.xml; path = Info.plist; sourceTree = "<group>"; };
		7F63E908B3721E440847985E /* OCBFoundationMacros.h */ = {isa = PBXFileReference; includeInIndex = 1; lastKnownFileType = sourcecode.c.h; path = OCBFoundationMacros.h; sourceTree = "<group>"; };
		82BF778FF0F8C36A361F4390 /* UIView+OCBAdditions.h */ = {isa = PBXFileReference; includeInIndex = 1; lastKnownFileType = sourcecode.c.h; path = "UIView+OCBAdditions.h"; sourceTree = "<group>"; };
		8401B17EC8B32395CF0B047A /* OCBUIBaseControllerTests.m */ = {isa = PBXFileReference; includeInIndex = 1; lastKnownFileType = sourcecode.c.objc; path = OCBUIBaseControllerTests.m; sourceTree = "<group>"; };
		87E2F6F5C35CD75498E68E35 /* OCAppBox.app */ = {isa = PBXFileReference; explicitFileType = wrapper.application; includeInIndex = 0; path = OCAppBox.app; sourceTree = BUILT_PRODUCTS_DIR; };
		88C3C7FC922C07CB59646EE3 /* OCBAutoRegister.m */ = {isa = PBXFileReference; includeInIndex = 1; lastKnownFileType = sourcecode.c.objc; path = OCBAutoRegister.m; sourceTree = "<group>"; };
		8925A228528CBF1AAD417D89 /* OCBModuleProtocol.h */ = {isa = PBXFileReference; includeInIndex = 1; lastKnownFileType = sourcecode.c.h; path = OCBModuleProtocol.h; sourceTree = "<group>"; };
		8A8417CE9B6C5E0B9095C4A6 /* OCBRequest.h */ = {isa = PBXFileReference; includeInIndex = 1; lastKnownFileType = sourcecode.c.h; path = OCBRequest.h; sourceTree = "<group>"; };
		8B35B685A3191882B273CBBE /* OCBKeychainStore.m */ = {isa = PBXFileReference; includeInIndex = 1; lastKnownFileType = sourcecode.c.objc; path = OCBKeychainStore.m; sourceTree = "<group>"; };
		8C6F15ABFF04C72C0FC12AD6 /* OCBThemeManager.m */ = {isa = PBXFileReference; includeInIndex = 1; lastKnownFileType = sourcecode.c.objc; path = OCBThemeManager.m; sourceTree = "<group>"; };
		8ED533F0C6762A58D31CCCC1 /* OCBHomeBootstrapTask.m */ = {isa = PBXFileReference; includeInIndex = 1; lastKnownFileType = sourcecode.c.objc; path = OCBHomeBootstrapTask.m; sourceTree = "<group>"; };
		8ED7300351C25BA22B92BE2E /* OCBBaseAPIServiceTests.m */ = {isa = PBXFileReference; includeInIndex = 1; lastKnownFileType = sourcecode.c.objc; path = OCBBaseAPIServiceTests.m; sourceTree = "<group>"; };
		90A57017F285831B9E1EAAAF /* OCBBaseCollectionViewController.m */ = {isa = PBXFileReference; includeInIndex = 1; lastKnownFileType = sourcecode.c.objc; path = OCBBaseCollectionViewController.m; sourceTree = "<group>"; };
		90DE72C7A862A5A3908B13B5 /* OCBDebugPanelModule.m */ = {isa = PBXFileReference; includeInIndex = 1; lastKnownFileType = sourcecode.c.objc; path = OCBDebugPanelModule.m; sourceTree = "<group>"; };
		91E61BBC60CD9A38C1643813 /* OCBLaunchTask.h */ = {isa = PBXFileReference; includeInIndex = 1; lastKnownFileType = sourcecode.c.h; path = OCBLaunchTask.h; sourceTree = "<group>"; };
		9797E1C0CEC85B28DC5F7972 /* NSString+OCBAdditions.m */ = {isa = PBXFileReference; includeInIndex = 1; lastKnownFileType = sourcecode.c.objc; path = "NSString+OCBAdditions.m"; sourceTree = "<group>"; };
		994F209F7F09A166FD1E3E74 /* OCBAuthService.h */ = {isa = PBXFileReference; includeInIndex = 1; lastKnownFileType = sourcecode.c.h; path = OCBAuthService.h; sourceTree = "<group>"; };
		9D3C3065B8F5753F286FD32F /* OCBModuleManager.m */ = {isa = PBXFileReference; includeInIndex = 1; lastKnownFileType = sourcecode.c.objc; path = OCBModuleManager.m; sourceTree = "<group>"; };
		A02D1962E031AEF135E98596 /* OCBProfileModule.h */ = {isa = PBXFileReference; includeInIndex = 1; lastKnownFileType = sourcecode.c.h; path = OCBProfileModule.h; sourceTree = "<group>"; };
		A1D11F360B984D4808F0AB3B /* OCBBaseAPIService.m */ = {isa = PBXFileReference; includeInIndex = 1; lastKnownFileType = sourcecode.c.objc; path = OCBBaseAPIService.m; sourceTree = "<group>"; };
		A21DE8B8C43D3CFB2EFA222F /* OCBNavController.m */ = {isa = PBXFileReference; includeInIndex = 1; lastKnownFileType = sourcecode.c.objc; path = OCBNavController.m; sourceTree = "<group>"; };
		A60E5E92B572FD78C3BE2EF2 /* OCBTabBarController.m */ = {isa = PBXFileReference; includeInIndex = 1; lastKnownFileType = sourcecode.c.objc; path = OCBTabBarController.m; sourceTree = "<group>"; };
		A762A658F5534FF7B2B2F2D3 /* OCBConfigCenterTests.m */ = {isa = PBXFileReference; includeInIndex = 1; lastKnownFileType = sourcecode.c.objc; path = OCBConfigCenterTests.m; sourceTree = "<group>"; };
		A7F9E219D09E6798FB995AD1 /* OCBKeychainStoreTests.m */ = {isa = PBXFileReference; includeInIndex = 1; lastKnownFileType = sourcecode.c.objc; path = OCBKeychainStoreTests.m; sourceTree = "<group>"; };
		A982AE8DCC81D6B9977B3DA8 /* Pods_OCAppBoxTests.framework */ = {isa = PBXFileReference; explicitFileType = wrapper.framework; includeInIndex = 0; path = Pods_OCAppBoxTests.framework; sourceTree = BUILT_PRODUCTS_DIR; };
		A9DDE31B0F99D72BD514705D /* OCBLogger.m */ = {isa = PBXFileReference; includeInIndex = 1; lastKnownFileType = sourcecode.c.objc; path = OCBLogger.m; sourceTree = "<group>"; };
		ABDBAA993751F651FB744797 /* OCBDebugPanelViewController.m */ = {isa = PBXFileReference; includeInIndex = 1; lastKnownFileType = sourcecode.c.objc; path = OCBDebugPanelViewController.m; sourceTree = "<group>"; };
		AECF46CE0DE94D9999E33E7F /* OCAppBox.h */ = {isa = PBXFileReference; includeInIndex = 1; lastKnownFileType = sourcecode.c.h; path = OCAppBox.h; sourceTree = "<group>"; };
		AF58FECB8A62C066E7975861 /* OCBNetworkClient.m */ = {isa = PBXFileReference; includeInIndex = 1; lastKnownFileType = sourcecode.c.objc; path = OCBNetworkClient.m; sourceTree = "<group>"; };
		AF893602BD0FD4A990C8B2A8 /* OCBDemoRouteCatalog.h */ = {isa = PBXFileReference; includeInIndex = 1; lastKnownFileType = sourcecode.c.h; path = OCBDemoRouteCatalog.h; sourceTree = "<group>"; };
		AFFE6E674D52E7F6401BF6FF /* OCBTabBarItemDescriptor.m */ = {isa = PBXFileReference; includeInIndex = 1; lastKnownFileType = sourcecode.c.objc; path = OCBTabBarItemDescriptor.m; sourceTree = "<group>"; };
		B0662A0C6CC9D4B0210F5E0E /* OCBUserSession.h */ = {isa = PBXFileReference; includeInIndex = 1; lastKnownFileType = sourcecode.c.h; path = OCBUserSession.h; sourceTree = "<group>"; };
		B0D4660DAB9210EAA23C62B1 /* OCBHomeViewController.h */ = {isa = PBXFileReference; includeInIndex = 1; lastKnownFileType = sourcecode.c.h; path = OCBHomeViewController.h; sourceTree = "<group>"; };
		B4BE30C835ABAF7F5B6B764C /* OCBDemoAppLauncher.h */ = {isa = PBXFileReference; includeInIndex = 1; lastKnownFileType = sourcecode.c.h; path = OCBDemoAppLauncher.h; sourceTree = "<group>"; };
		BB3E494421A95CC21088DCCB /* OCBServiceRegistry.m */ = {isa = PBXFileReference; includeInIndex = 1; lastKnownFileType = sourcecode.c.objc; path = OCBServiceRegistry.m; sourceTree = "<group>"; };
		BC4B7D5100428B6491AF05E8 /* OCBModuleManagerTests.m */ = {isa = PBXFileReference; includeInIndex = 1; lastKnownFileType = sourcecode.c.objc; path = OCBModuleManagerTests.m; sourceTree = "<group>"; };
		BE5DDFB4FDD0E1970F78FEEB /* UIView+OCBAdditions.m */ = {isa = PBXFileReference; includeInIndex = 1; lastKnownFileType = sourcecode.c.objc; path = "UIView+OCBAdditions.m"; sourceTree = "<group>"; };
		BFCC60FBD05A8A26B9FF6300 /* OCBAppContextTests.m */ = {isa = PBXFileReference; includeInIndex = 1; lastKnownFileType = sourcecode.c.objc; path = OCBAppContextTests.m; sourceTree = "<group>"; };
		C0F115BB2F7AD0B7C8C5604A /* OCBEmptyStateView.h */ = {isa = PBXFileReference; includeInIndex = 1; lastKnownFileType = sourcecode.c.h; path = OCBEmptyStateView.h; sourceTree = "<group>"; };
		C14094BDFC8360C8832BDDBD /* Security.framework */ = {isa = PBXFileReference; lastKnownFileType = wrapper.framework; name = Security.framework; path = System/Library/Frameworks/Security.framework; sourceTree = "<group>"; };
		C1B19A825051C7454BA21882 /* NSArray+OCBAdditions.m */ = {isa = PBXFileReference; includeInIndex = 1; lastKnownFileType = sourcecode.c.objc; path = "NSArray+OCBAdditions.m"; sourceTree = "<group>"; };
		C3A9BA6AD441439F53DB4123 /* OCBFoundationTests.m */ = {isa = PBXFileReference; includeInIndex = 1; lastKnownFileType = sourcecode.c.objc; path = OCBFoundationTests.m; sourceTree = "<group>"; };
		C62C9B4F64576B610A26B867 /* OCBNavController.h */ = {isa = PBXFileReference; includeInIndex = 1; lastKnownFileType = sourcecode.c.h; path = OCBNavController.h; sourceTree = "<group>"; };
		C63BD59084DCC7822DABEA0B /* OCBHomeModule.m */ = {isa = PBXFileReference; includeInIndex = 1; lastKnownFileType = sourcecode.c.objc; path = OCBHomeModule.m; sourceTree = "<group>"; };
		CD985664ECE3833CA016191B /* OCBDemoAppLauncherTests.m */ = {isa = PBXFileReference; includeInIndex = 1; lastKnownFileType = sourcecode.c.objc; path = OCBDemoAppLauncherTests.m; sourceTree = "<group>"; };
		CE02088CB4DF7B16B37FAA12 /* OCBDebugPanelModule.h */ = {isa = PBXFileReference; includeInIndex = 1; lastKnownFileType = sourcecode.c.h; path = OCBDebugPanelModule.h; sourceTree = "<group>"; };
		CFE7E0937436E896664DF567 /* OCBUserSession.m */ = {isa = PBXFileReference; includeInIndex = 1; lastKnownFileType = sourcecode.c.objc; path = OCBUserSession.m; sourceTree = "<group>"; };
		D0ED6A80D5E691670E19225B /* Pods_OCAppBox.framework */ = {isa = PBXFileReference; explicitFileType = wrapper.framework; includeInIndex = 0; path = Pods_OCAppBox.framework; sourceTree = BUILT_PRODUCTS_DIR; };
		D1AAFEEC906A9312A4085BF3 /* OCBRemoteConfigService.h */ = {isa = PBXFileReference; includeInIndex = 1; lastKnownFileType = sourcecode.c.h; path = OCBRemoteConfigService.h; sourceTree = "<group>"; };
		D2662E7F7B201BD6E414D28B /* OCBTabBarItemDescriptor.h */ = {isa = PBXFileReference; includeInIndex = 1; lastKnownFileType = sourcecode.c.h; path = OCBTabBarItemDescriptor.h; sourceTree = "<group>"; };
		D451D410D818B9CFCF496695 /* OCBThemeManager.h */ = {isa = PBXFileReference; includeInIndex = 1; lastKnownFileType = sourcecode.c.h; path = OCBThemeManager.h; sourceTree = "<group>"; };
		D66E4FB85EB683A673B53E76 /* OCBProfileModule.m */ = {isa = PBXFileReference; includeInIndex = 1; lastKnownFileType = sourcecode.c.objc; path = OCBProfileModule.m; sourceTree = "<group>"; };
		D70F6DDCD0CCFF9AA07534B5 /* OCBBaseTableViewController.h */ = {isa = PBXFileReference; includeInIndex = 1; lastKnownFileType = sourcecode.c.h; path = OCBBaseTableViewController.h; sourceTree = "<group>"; };
		D8FC91880816C4071B2134C7 /* OCBBaseModel.h */ = {isa = PBXFileReference; includeInIndex = 1; lastKnownFileType = sourcecode.c.h; path = OCBBaseModel.h; sourceTree = "<group>"; };
		D97A1A2B1E532ED679A0A91F /* OCBConfigCenter.m */ = {isa = PBXFileReference; includeInIndex = 1; lastKnownFileType = sourcecode.c.objc; path = OCBConfigCenter.m; sourceTree = "<group>"; };
		DAE8C69266F3431F7052B545 /* OCBStarterAppConfigurationTests.m */ = {isa = PBXFileReference; includeInIndex = 1; lastKnownFileType = sourcecode.c.objc; path = OCBStarterAppConfigurationTests.m; sourceTree = "<group>"; };
		DB1A30E5484A958917E33BFE /* OCBHomeBootstrapTask.h */ = {isa = PBXFileReference; includeInIndex = 1; lastKnownFileType = sourcecode.c.h; path = OCBHomeBootstrapTask.h; sourceTree = "<group>"; };
		DC529315A5249BAFB484B587 /* OCBNetworkError.m */ = {isa = PBXFileReference; includeInIndex = 1; lastKnownFileType = sourcecode.c.objc; path = OCBNetworkError.m; sourceTree = "<group>"; };
		E0C71710B12976FD68487FB8 /* OCBRemoteConfigService.m */ = {isa = PBXFileReference; includeInIndex = 1; lastKnownFileType = sourcecode.c.objc; path = OCBRemoteConfigService.m; sourceTree = "<group>"; };
		E0EFC63BFFB15C7391CFE8A9 /* NSString+OCBAdditions.h */ = {isa = PBXFileReference; includeInIndex = 1; lastKnownFileType = sourcecode.c.h; path = "NSString+OCBAdditions.h"; sourceTree = "<group>"; };
		E56E9846A585DC8A416CB8AD /* OCBToast.h */ = {isa = PBXFileReference; includeInIndex = 1; lastKnownFileType = sourcecode.c.h; path = OCBToast.h; sourceTree = "<group>"; };
		E60571BD0677CB3299398E0B /* Foundation.framework */ = {isa = PBXFileReference; lastKnownFileType = wrapper.framework; name = Foundation.framework; path = Platforms/iPhoneOS.platform/Developer/SDKs/iPhoneOS18.0.sdk/System/Library/Frameworks/Foundation.framework; sourceTree = DEVELOPER_DIR; };
		E615B181C6DFCE8C4EAE487D /* OCBStarterAppConfiguration.m */ = {isa = PBXFileReference; includeInIndex = 1; lastKnownFileType = sourcecode.c.objc; path = OCBStarterAppConfiguration.m; sourceTree = "<group>"; };
		E6281329550774540E358B13 /* OCBAccountModule.h */ = {isa = PBXFileReference; includeInIndex = 1; lastKnownFileType = sourcecode.c.h; path = OCBAccountModule.h; sourceTree = "<group>"; };
		E6A0E33C54772B4AF681CDDC /* OCBProfileViewController.h */ = {isa = PBXFileReference; includeInIndex = 1; lastKnownFileType = sourcecode.c.h; path = OCBProfileViewController.h; sourceTree = "<group>"; };
		E82C839A0CEBA3B9712561FB /* Pods-OCAppBoxTests.release.xcconfig */ = {isa = PBXFileReference; includeInIndex = 1; lastKnownFileType = text.xcconfig; name = "Pods-OCAppBoxTests.release.xcconfig"; path = "Target Support Files/Pods-OCAppBoxTests/Pods-OCAppBoxTests.release.xcconfig"; sourceTree = "<group>"; };
		E85F40F4532E1D0DD94BA24D /* OCBPermissionService.h */ = {isa = PBXFileReference; includeInIndex = 1; lastKnownFileType = sourcecode.c.h; path = OCBPermissionService.h; sourceTree = "<group>"; };
		E95DE3388B35299B7080D20F /* OCBServiceRegistryTests.m */ = {isa = PBXFileReference; includeInIndex = 1; lastKnownFileType = sourcecode.c.objc; path = OCBServiceRegistryTests.m; sourceTree = "<group>"; };
		EAEBB77D1A2224EA77FCF8DB /* OCBAppMetadata.m */ = {isa = PBXFileReference; includeInIndex = 1; lastKnownFileType = sourcecode.c.objc; path = OCBAppMetadata.m; sourceTree = "<group>"; };
		EB2EFD3821DEC4BA289BB591 /* OCBAPIResponseMapper.m */ = {isa = PBXFileReference; includeInIndex = 1; lastKnownFileType = sourcecode.c.objc; path = OCBAPIResponseMapper.m; sourceTree = "<group>"; };
		EFC65E3C1CB1F6FDD78AA9AE /* AppDelegate.h */ = {isa = PBXFileReference; includeInIndex = 1; lastKnownFileType = sourcecode.c.h; path = AppDelegate.h; sourceTree = "<group>"; };
		F0F230B5DF4F91B7E6DC3946 /* OCBHomeViewController.m */ = {isa = PBXFileReference; includeInIndex = 1; lastKnownFileType = sourcecode.c.objc; path = OCBHomeViewController.m; sourceTree = "<group>"; };
		F1EFCFF430C2B1F47C2D3AB6 /* OCBHomeModule.h */ = {isa = PBXFileReference; includeInIndex = 1; lastKnownFileType = sourcecode.c.h; path = OCBHomeModule.h; sourceTree = "<group>"; };
		F20922E757E0C6EA25AD3ED0 /* OCBAppMetadata.h */ = {isa = PBXFileReference; includeInIndex = 1; lastKnownFileType = sourcecode.c.h; path = OCBAppMetadata.h; sourceTree = "<group>"; };
		F6E2159A5397FB1BD0C4E6E1 /* Pods-OCAppBox.release.xcconfig */ = {isa = PBXFileReference; includeInIndex = 1; lastKnownFileType = text.xcconfig; name = "Pods-OCAppBox.release.xcconfig"; path = "Target Support Files/Pods-OCAppBox/Pods-OCAppBox.release.xcconfig"; sourceTree = "<group>"; };
		FB57EF7B19D9B430E0FC6E70 /* OCBAPIResponseMapper.h */ = {isa = PBXFileReference; includeInIndex = 1; lastKnownFileType = sourcecode.c.h; path = OCBAPIResponseMapper.h; sourceTree = "<group>"; };
		FD1F86C2B42E7C71EC7A0DF0 /* OCBAuthService.m */ = {isa = PBXFileReference; includeInIndex = 1; lastKnownFileType = sourcecode.c.objc; path = OCBAuthService.m; sourceTree = "<group>"; };
/* End PBXFileReference section */

/* Begin PBXFrameworksBuildPhase section */
		79C30E27632C120752A31BDE /* Frameworks */ = {
			isa = PBXFrameworksBuildPhase;
			buildActionMask = 2147483647;
			files = (
				2CAC43F75405D135D8728BC3 /* Foundation.framework in Frameworks */,
				8F99A31475A4F01C1819B129 /* UIKit.framework in Frameworks */,
				3FB8169B800E18D598E6DD61 /* Security.framework in Frameworks */,
				0D21AB8CBBD800D5A3FB6B08 /* Pods_OCAppBox.framework in Frameworks */,
			);
			runOnlyForDeploymentPostprocessing = 0;
		};
		B2FE5F6617B935C1074FDE95 /* Frameworks */ = {
			isa = PBXFrameworksBuildPhase;
			buildActionMask = 2147483647;
			files = (
				5A6A92B5DF2936CF3474458D /* Foundation.framework in Frameworks */,
				1321E8F58C56B4F7C30ED406 /* UIKit.framework in Frameworks */,
				E8AA416DF5438F19A3039A2E /* Pods_OCAppBoxTests.framework in Frameworks */,
			);
			runOnlyForDeploymentPostprocessing = 0;
		};
/* End PBXFrameworksBuildPhase section */

/* Begin PBXGroup section */
		08CDCAF8B6BB9D25DF79D12D /* Profile */ = {
			isa = PBXGroup;
			children = (
				126A974FEC18DD79C2E004FE /* OCBProfileBootstrapTask.h */,
				5FACE954EF7DE93A1E5F2546 /* OCBProfileBootstrapTask.m */,
				A02D1962E031AEF135E98596 /* OCBProfileModule.h */,
				D66E4FB85EB683A673B53E76 /* OCBProfileModule.m */,
				6ACBE78E046821BB9A7D7321 /* UI */,
			);
			name = Profile;
			path = Profile;
			sourceTree = "<group>";
		};
		1E1BD2B40857B9496774B944 /* UI */ = {
			isa = PBXGroup;
			children = (
				465367375DE1FD20D27B96F4 /* Base */,
				3086E6927A54CFFC6EAACB88 /* Component */,
				7762A22435614F5FDBB20C9D /* Theme */,
			);
			name = UI;
			path = UI;
			sourceTree = "<group>";
		};
		26D74C39E4AF096FAA9EC54D /* Home */ = {
			isa = PBXGroup;
			children = (
				DB1A30E5484A958917E33BFE /* OCBHomeBootstrapTask.h */,
				8ED533F0C6762A58D31CCCC1 /* OCBHomeBootstrapTask.m */,
				F1EFCFF430C2B1F47C2D3AB6 /* OCBHomeModule.h */,
				C63BD59084DCC7822DABEA0B /* OCBHomeModule.m */,
				75562C6ADB26A9FD1BB729DE /* UI */,
			);
			name = Home;
			path = Home;
			sourceTree = "<group>";
		};
		285CE1B1AAB59C8A0AA78BAE /* Base */ = {
			isa = PBXGroup;
			children = (
				73E5F484A8F3DAEC9BAF71F8 /* OCBBaseAPIService.h */,
				A1D11F360B984D4808F0AB3B /* OCBBaseAPIService.m */,
			);
			name = Base;
			path = Base;
			sourceTree = "<group>";
		};
		2989383C5E29AD2D1C4B62C4 /* Account */ = {
			isa = PBXGroup;
			children = (
				0FA50F61A23BDB5879C1D440 /* OCBAccountBootstrapTask.h */,
				21B09B9F1779868B4E33F140 /* OCBAccountBootstrapTask.m */,
				E6281329550774540E358B13 /* OCBAccountModule.h */,
				3103C191917D52D8B58D5285 /* OCBAccountModule.m */,
				D1CE6B711B18361413A97088 /* UI */,
			);
			name = Account;
			path = Account;
			sourceTree = "<group>";
		};
		2BCEE431581CE9B9FE52935A /* Frameworks */ = {
			isa = PBXGroup;
			children = (
				5B62215C3F3B9D01B309B280 /* iOS */,
				4F274CCA5F467811678EF6D8 /* UIKit.framework */,
				C14094BDFC8360C8832BDDBD /* Security.framework */,
				D0ED6A80D5E691670E19225B /* Pods_OCAppBox.framework */,
				A982AE8DCC81D6B9977B3DA8 /* Pods_OCAppBoxTests.framework */,
			);
			name = Frameworks;
			sourceTree = "<group>";
		};
		3086E6927A54CFFC6EAACB88 /* Component */ = {
			isa = PBXGroup;
			children = (
				C0F115BB2F7AD0B7C8C5604A /* OCBEmptyStateView.h */,
				0926CAF071C2285194CC4BCC /* OCBEmptyStateView.m */,
				358F6D9DD35F7DD341B77A01 /* OCBLoadingView.h */,
				7E980D670DA418DB6590D0D8 /* OCBLoadingView.m */,
				E56E9846A585DC8A416CB8AD /* OCBToast.h */,
				41492BC7766E690A42AFC6D7 /* OCBToast.m */,
			);
			name = Component;
			path = Component;
			sourceTree = "<group>";
		};
		3AECEFA926648B8F5A39D701 /* Category */ = {
			isa = PBXGroup;
			children = (
				0FF1937B7FD21910FD329785 /* NSArray+OCBAdditions.h */,
				C1B19A825051C7454BA21882 /* NSArray+OCBAdditions.m */,
				4A8FF30C9D54F5818E6CD2A0 /* NSDictionary+OCBAdditions.h */,
				6F9978DD1F4B52ECFCAD68F8 /* NSDictionary+OCBAdditions.m */,
				E0EFC63BFFB15C7391CFE8A9 /* NSString+OCBAdditions.h */,
				9797E1C0CEC85B28DC5F7972 /* NSString+OCBAdditions.m */,
				11BD256593A95EA1D1A4B880 /* UIColor+OCBAdditions.h */,
				0C8C7DC76832EEF1E45D82B1 /* UIColor+OCBAdditions.m */,
				82BF778FF0F8C36A361F4390 /* UIView+OCBAdditions.h */,
				BE5DDFB4FDD0E1970F78FEEB /* UIView+OCBAdditions.m */,
			);
			name = Category;
			path = Category;
			sourceTree = "<group>";
		};
		465367375DE1FD20D27B96F4 /* Base */ = {
			isa = PBXGroup;
			children = (
				2A59A5F82D69EA1463989F4B /* OCBBaseCollectionViewController.h */,
				90A57017F285831B9E1EAAAF /* OCBBaseCollectionViewController.m */,
				D70F6DDCD0CCFF9AA07534B5 /* OCBBaseTableViewController.h */,
				0EF9B3C312539CC4DB61741B /* OCBBaseTableViewController.m */,
				7B8C700DFBE29393F8FF01AD /* OCBBaseViewController.h */,
				0149F0C4B559BDD5ADACBA16 /* OCBBaseViewController.m */,
				C62C9B4F64576B610A26B867 /* OCBNavController.h */,
				A21DE8B8C43D3CFB2EFA222F /* OCBNavController.m */,
				471FA51AEC0B1079D3C9D189 /* OCBTabBarController.h */,
				A60E5E92B572FD78C3BE2EF2 /* OCBTabBarController.m */,
				D2662E7F7B201BD6E414D28B /* OCBTabBarItemDescriptor.h */,
				AFFE6E674D52E7F6401BF6FF /* OCBTabBarItemDescriptor.m */,
			);
			name = Base;
			path = Base;
			sourceTree = "<group>";
		};
		4F3856904F010BAB651506BE /* Storage */ = {
			isa = PBXGroup;
			children = (
				083B2465808BC88E3D580DF7 /* OCBCacheCenter.h */,
				38D34916F03F12E200879887 /* OCBCacheCenter.m */,
			);
			name = Storage;
			path = Storage;
			sourceTree = "<group>";
		};
		57EE4A80F1989CB2737E353E /* Permission */ = {
			isa = PBXGroup;
			children = (
				E85F40F4532E1D0DD94BA24D /* OCBPermissionService.h */,
				7B41E5539369D0E4B3557D5C /* OCBPermissionService.m */,
			);
			name = Permission;
			path = Permission;
			sourceTree = "<group>";
		};
		5880BD7E5EB2B7E45479DE91 /* Module */ = {
			isa = PBXGroup;
			children = (
				2989383C5E29AD2D1C4B62C4 /* Account */,
				26D74C39E4AF096FAA9EC54D /* Home */,
				08CDCAF8B6BB9D25DF79D12D /* Profile */,
			);
			name = Module;
			path = Module;
			sourceTree = "<group>";
		};
		5A9E7B7FFE9031BB6155FDEF /* Service */ = {
			isa = PBXGroup;
			children = (
				6A77F1C04CE84FBF64A1C2C0 /* Auth */,
				285CE1B1AAB59C8A0AA78BAE /* Base */,
				A42AB96165DAE9199C6BE6DF /* Config */,
				57EE4A80F1989CB2737E353E /* Permission */,
				A33D377A17A513BB5E18BF0D /* User */,
			);
			name = Service;
			path = Service;
			sourceTree = "<group>";
		};
		5B62215C3F3B9D01B309B280 /* iOS */ = {
			isa = PBXGroup;
			children = (
				E60571BD0677CB3299398E0B /* Foundation.framework */,
			);
			name = iOS;
			sourceTree = "<group>";
		};
		5D90CAF375D106599C56DD9D /* Log */ = {
			isa = PBXGroup;
			children = (
				3B257C21D3B0B25860F85C50 /* OCBLogger.h */,
				A9DDE31B0F99D72BD514705D /* OCBLogger.m */,
			);
			name = Log;
			path = Log;
			sourceTree = "<group>";
		};
		6A77F1C04CE84FBF64A1C2C0 /* Auth */ = {
			isa = PBXGroup;
			children = (
				994F209F7F09A166FD1E3E74 /* OCBAuthService.h */,
				FD1F86C2B42E7C71EC7A0DF0 /* OCBAuthService.m */,
			);
			name = Auth;
			path = Auth;
			sourceTree = "<group>";
		};
		6ACBE78E046821BB9A7D7321 /* UI */ = {
			isa = PBXGroup;
			children = (
				E6A0E33C54772B4AF681CDDC /* OCBProfileViewController.h */,
				78F2A687C7B4073C622615DA /* OCBProfileViewController.m */,
			);
			name = UI;
			path = UI;
			sourceTree = "<group>";
		};
		6B0F3EC1819BC113CEF929A7 /* Infra */ = {
			isa = PBXGroup;
			children = (
				B5702DC1FB7FA735CEC128EF /* Config */,
				5D90CAF375D106599C56DD9D /* Log */,
				6E697C874323BC84F54AB84D /* Network */,
				E4B9C15308417B25B7712E49 /* Security */,
				4F3856904F010BAB651506BE /* Storage */,
			);
			name = Infra;
			path = Infra;
			sourceTree = "<group>";
		};
		6E697C874323BC84F54AB84D /* Network */ = {
			isa = PBXGroup;
			children = (
				FB57EF7B19D9B430E0FC6E70 /* OCBAPIResponseMapper.h */,
				EB2EFD3821DEC4BA289BB591 /* OCBAPIResponseMapper.m */,
				2D8FCC5D4435D37157CB8390 /* OCBNetworkClient.h */,
				AF58FECB8A62C066E7975861 /* OCBNetworkClient.m */,
				7DDE7F55764570B701B4CA8F /* OCBNetworkError.h */,
				DC529315A5249BAFB484B587 /* OCBNetworkError.m */,
				1F146158F939049666A905C4 /* OCBNetworkResponse.h */,
				5167855A649B8F84C509322A /* OCBNetworkResponse.m */,
				8A8417CE9B6C5E0B9095C4A6 /* OCBRequest.h */,
				0A6B620A50D1ACE61DDC037B /* OCBRequest.m */,
			);
			name = Network;
			path = Network;
			sourceTree = "<group>";
		};
		75562C6ADB26A9FD1BB729DE /* UI */ = {
			isa = PBXGroup;
			children = (
				B0D4660DAB9210EAA23C62B1 /* OCBHomeViewController.h */,
				F0F230B5DF4F91B7E6DC3946 /* OCBHomeViewController.m */,
			);
			name = UI;
			path = UI;
			sourceTree = "<group>";
		};
		7762A22435614F5FDBB20C9D /* Theme */ = {
			isa = PBXGroup;
			children = (
				D451D410D818B9CFCF496695 /* OCBThemeManager.h */,
				8C6F15ABFF04C72C0FC12AD6 /* OCBThemeManager.m */,
			);
			name = Theme;
			path = Theme;
			sourceTree = "<group>";
		};
		8CCF781C19BCDC46F264C0C4 /* Pods */ = {
			isa = PBXGroup;
			children = (
				F6E2159A5397FB1BD0C4E6E1 /* Pods-OCAppBox.release.xcconfig */,
				64BE050B60D05EE9ED4E558B /* Pods-OCAppBox.debug.xcconfig */,
				E82C839A0CEBA3B9712561FB /* Pods-OCAppBoxTests.release.xcconfig */,
				68964ED1266C14AECE3E8911 /* Pods-OCAppBoxTests.debug.xcconfig */,
			);
			name = Pods;
			path = Pods;
			sourceTree = "<group>";
		};
		8DEBF0463E68614A4F1F87F6 /* BaseModel */ = {
			isa = PBXGroup;
			children = (
				D8FC91880816C4071B2134C7 /* OCBBaseModel.h */,
				439DEB6F099D63612411F106 /* OCBBaseModel.m */,
			);
			name = BaseModel;
			path = BaseModel;
			sourceTree = "<group>";
		};
		93E3FAD124C91B90A2149B80 /* Core */ = {
			isa = PBXGroup;
			children = (
				37AE4413D0C8F38964E5643B /* OCBAppContext.h */,
				618C844FEA8DFACAC2C1D9B9 /* OCBAppContext.m */,
				175E28F8FBD7FBD7282120AB /* OCBAutoRegister.h */,
				88C3C7FC922C07CB59646EE3 /* OCBAutoRegister.m */,
				91E61BBC60CD9A38C1643813 /* OCBLaunchTask.h */,
				42C4336E6BC44DC87AA9EC9F /* OCBModuleManager.h */,
				9D3C3065B8F5753F286FD32F /* OCBModuleManager.m */,
				8925A228528CBF1AAD417D89 /* OCBModuleProtocol.h */,
				305EA887FB65D6BBA48F4DED /* OCBRouter.h */,
				65D8946CB21631EA76ACBE8E /* OCBRouter.m */,
				39E083F8D7918E120BA00465 /* OCBServiceRegistry.h */,
				BB3E494421A95CC21088DCCB /* OCBServiceRegistry.m */,
			);
			name = Core;
			path = Core;
			sourceTree = "<group>";
		};
		951E41B3DD74935466DADC3B /* Foundation */ = {
			isa = PBXGroup;
			children = (
				8DEBF0463E68614A4F1F87F6 /* BaseModel */,
				3AECEFA926648B8F5A39D701 /* Category */,
				A9D3F0278692756D4E19FF60 /* Macro */,
				CCF0840A34BC7F8C72ACF513 /* Util */,
			);
			name = Foundation;
			path = Foundation;
			sourceTree = "<group>";
		};
		9ABF007F29D369B3D6CFE919 /* Tests */ = {
			isa = PBXGroup;
			children = (
				BFCC60FBD05A8A26B9FF6300 /* OCBAppContextTests.m */,
				8ED7300351C25BA22B92BE2E /* OCBBaseAPIServiceTests.m */,
				7290F59F1A6792F99D2FB648 /* OCBBaseModelTests.m */,
				448786E54E0925A9D41E8B27 /* OCBCacheCenterTests.m */,
				A762A658F5534FF7B2B2F2D3 /* OCBConfigCenterTests.m */,
				CD985664ECE3833CA016191B /* OCBDemoAppLauncherTests.m */,
				C3A9BA6AD441439F53DB4123 /* OCBFoundationTests.m */,
				A7F9E219D09E6798FB995AD1 /* OCBKeychainStoreTests.m */,
				BC4B7D5100428B6491AF05E8 /* OCBModuleManagerTests.m */,
				2EA8748C0D44AF7F066097F3 /* OCBNetworkClientTests.m */,
				18E20BD4406F44A1BEB9E3B2 /* OCBNetworkResponseTests.m */,
				29098DE1B7915817AE390743 /* OCBRouterTests.m */,
				E95DE3388B35299B7080D20F /* OCBServiceRegistryTests.m */,
				DAE8C69266F3431F7052B545 /* OCBStarterAppConfigurationTests.m */,
				8401B17EC8B32395CF0B047A /* OCBUIBaseControllerTests.m */,
			);
			name = Tests;
			path = Tests;
			sourceTree = "<group>";
		};
		A33D377A17A513BB5E18BF0D /* User */ = {
			isa = PBXGroup;
			children = (
				B0662A0C6CC9D4B0210F5E0E /* OCBUserSession.h */,
				CFE7E0937436E896664DF567 /* OCBUserSession.m */,
				18CCED7F2C4740B37367D0CE /* OCBUserSessionService.h */,
				6D07231A8D44BA1FE25AA332 /* OCBUserSessionService.m */,
			);
			name = User;
			path = User;
			sourceTree = "<group>";
		};
		A42AB96165DAE9199C6BE6DF /* Config */ = {
			isa = PBXGroup;
			children = (
				D1AAFEEC906A9312A4085BF3 /* OCBRemoteConfigService.h */,
				E0C71710B12976FD68487FB8 /* OCBRemoteConfigService.m */,
			);
			name = Config;
			path = Config;
			sourceTree = "<group>";
		};
		A9D3F0278692756D4E19FF60 /* Macro */ = {
			isa = PBXGroup;
			children = (
				7F63E908B3721E440847985E /* OCBFoundationMacros.h */,
			);
			name = Macro;
			path = Macro;
			sourceTree = "<group>";
		};
		AE9FA6E9DA7772FFBBE51C1F /* UI */ = {
			isa = PBXGroup;
			children = (
				7DB321D27BA7F0ED13D518BC /* OCBDebugPanelViewController.h */,
				ABDBAA993751F651FB744797 /* OCBDebugPanelViewController.m */,
			);
			name = UI;
			path = UI;
			sourceTree = "<group>";
		};
		AFDFB983D1CA914A997BA94B = {
			isa = PBXGroup;
			children = (
				F05D3DB5D51C39680B4504A9 /* Products */,
				2BCEE431581CE9B9FE52935A /* Frameworks */,
				C514C903BB7A24E57FDE2078 /* App */,
				9ABF007F29D369B3D6CFE919 /* Tests */,
				8CCF781C19BCDC46F264C0C4 /* Pods */,
			);
			sourceTree = "<group>";
		};
		B05688F3C288DB909261F24B /* Host */ = {
			isa = PBXGroup;
			children = (
				B4BE30C835ABAF7F5B6B764C /* OCBDemoAppLauncher.h */,
				2E9C61CE83DF816A8BC30F28 /* OCBDemoAppLauncher.m */,
				AF893602BD0FD4A990C8B2A8 /* OCBDemoRouteCatalog.h */,
				1C415DA9017F6AB91D95036E /* OCBDemoRouteCatalog.m */,
				344A904750A7CFA279317DFB /* OCBStarterAppConfiguration.h */,
				E615B181C6DFCE8C4EAE487D /* OCBStarterAppConfiguration.m */,
			);
			name = Host;
			path = Host;
			sourceTree = "<group>";
		};
		B5702DC1FB7FA735CEC128EF /* Config */ = {
			isa = PBXGroup;
			children = (
				2297D8E4BBEBC48A281C392C /* OCBConfigCenter.h */,
				D97A1A2B1E532ED679A0A91F /* OCBConfigCenter.m */,
			);
			name = Config;
			path = Config;
			sourceTree = "<group>";
		};
		C514C903BB7A24E57FDE2078 /* App */ = {
			isa = PBXGroup;
			children = (
				EFC65E3C1CB1F6FDD78AA9AE /* AppDelegate.h */,
				7D2334F40B2E028627023209 /* AppDelegate.m */,
				93E3FAD124C91B90A2149B80 /* Core */,
				951E41B3DD74935466DADC3B /* Foundation */,
				B05688F3C288DB909261F24B /* Host */,
				7EB261B8B0FF3444ECA24C89 /* Info.plist */,
				6B0F3EC1819BC113CEF929A7 /* Infra */,
				2AE080B73F18AD39F4A10610 /* LaunchScreen.storyboard */,
				5880BD7E5EB2B7E45479DE91 /* Module */,
				AECF46CE0DE94D9999E33E7F /* OCAppBox.h */,
				5A9E7B7FFE9031BB6155FDEF /* Service */,
				D9D0C7F49E0E2AAE9B26EB6A /* Support */,
				1E1BD2B40857B9496774B944 /* UI */,
				476BFB50406F8488B0C6B642 /* main.m */,
			);
			name = App;
			path = App;
			sourceTree = "<group>";
		};
		CCF0840A34BC7F8C72ACF513 /* Util */ = {
			isa = PBXGroup;
			children = (
				F20922E757E0C6EA25AD3ED0 /* OCBAppMetadata.h */,
				EAEBB77D1A2224EA77FCF8DB /* OCBAppMetadata.m */,
			);
			name = Util;
			path = Util;
			sourceTree = "<group>";
		};
		D1CE6B711B18361413A97088 /* UI */ = {
			isa = PBXGroup;
			children = (
				0D01FF1B1E4FC40CC3CB5F4E /* OCBAccountViewController.h */,
				1C95DAE625C6AB364BA6073D /* OCBAccountViewController.m */,
			);
			name = UI;
			path = UI;
			sourceTree = "<group>";
		};
		D9D0C7F49E0E2AAE9B26EB6A /* Support */ = {
			isa = PBXGroup;
			children = (
				EE338D3328623430DE13413A /* Debug */,
			);
			name = Support;
			path = Support;
			sourceTree = "<group>";
		};
		E4B9C15308417B25B7712E49 /* Security */ = {
			isa = PBXGroup;
			children = (
				04C26A982B3E89F3BACF787B /* OCBKeychainStore.h */,
				8B35B685A3191882B273CBBE /* OCBKeychainStore.m */,
			);
			name = Security;
			path = Security;
			sourceTree = "<group>";
		};
		EE338D3328623430DE13413A /* Debug */ = {
			isa = PBXGroup;
			children = (
				CE02088CB4DF7B16B37FAA12 /* OCBDebugPanelModule.h */,
				90DE72C7A862A5A3908B13B5 /* OCBDebugPanelModule.m */,
				AE9FA6E9DA7772FFBBE51C1F /* UI */,
			);
			name = Debug;
			path = Debug;
			sourceTree = "<group>";
		};
		F05D3DB5D51C39680B4504A9 /* Products */ = {
			isa = PBXGroup;
			children = (
				87E2F6F5C35CD75498E68E35 /* OCAppBox.app */,
				7BE85D50BFC3B7D4A9CE39DB /* OCAppBoxTests.xctest */,
			);
			name = Products;
			sourceTree = "<group>";
		};
/* End PBXGroup section */

/* Begin PBXNativeTarget section */
		25B4EB6AEC38471ABFA261C4 /* OCAppBoxTests */ = {
			isa = PBXNativeTarget;
			buildConfigurationList = 9DE32035ADF2AB26A0A19753 /* Build configuration list for PBXNativeTarget "OCAppBoxTests" */;
			buildPhases = (
				81C09F43E3222620318B0784 /* [CP] Check Pods Manifest.lock */,
				2B80BB0EA082AB7699DE90BC /* Sources */,
				B2FE5F6617B935C1074FDE95 /* Frameworks */,
				9E32FE8CEC8B0A81E766557C /* Resources */,
			);
			buildRules = (
			);
			dependencies = (
				94179B1456E1CCB252925666 /* PBXTargetDependency */,
			);
			name = OCAppBoxTests;
			productName = OCAppBoxTests;
			productReference = 7BE85D50BFC3B7D4A9CE39DB /* OCAppBoxTests.xctest */;
			productType = "com.apple.product-type.bundle.unit-test";
		};
		A83EAFA15DC69B5605D023A9 /* OCAppBox */ = {
			isa = PBXNativeTarget;
			buildConfigurationList = 4DFD24E4C37C59D958D1939D /* Build configuration list for PBXNativeTarget "OCAppBox" */;
			buildPhases = (
				B45110056CECE9EF1A74A1CC /* [CP] Check Pods Manifest.lock */,
				E6D0215D6CC70BE4999D0105 /* Sources */,
				79C30E27632C120752A31BDE /* Frameworks */,
				1520D91D96DFFB928627BB08 /* Resources */,
			);
			buildRules = (
			);
			dependencies = (
			);
			name = OCAppBox;
			productName = OCAppBox;
			productReference = 87E2F6F5C35CD75498E68E35 /* OCAppBox.app */;
			productType = "com.apple.product-type.application";
		};
/* End PBXNativeTarget section */

/* Begin PBXProject section */
		7B27D4D9454229034F5F8485 /* Project object */ = {
			isa = PBXProject;
			attributes = {
				LastSwiftUpdateCheck = 1600;
				LastUpgradeCheck = 1600;
			};
			buildConfigurationList = 0CC1507B878A6B513A61ACFF /* Build configuration list for PBXProject "OCAppBox" */;
			compatibilityVersion = "Xcode 3.2";
			developmentRegion = en;
			hasScannedForEncodings = 0;
			knownRegions = (
				en,
				Base,
			);
			mainGroup = AFDFB983D1CA914A997BA94B;
			minimizedProjectReferenceProxies = 0;
			preferredProjectObjectVersion = 77;
			productRefGroup = F05D3DB5D51C39680B4504A9 /* Products */;
			projectDirPath = "";
			projectRoot = "";
			targets = (
				A83EAFA15DC69B5605D023A9 /* OCAppBox */,
				25B4EB6AEC38471ABFA261C4 /* OCAppBoxTests */,
			);
		};
/* End PBXProject section */

/* Begin PBXResourcesBuildPhase section */
		1520D91D96DFFB928627BB08 /* Resources */ = {
			isa = PBXResourcesBuildPhase;
			buildActionMask = 2147483647;
			files = (
				76ACA68296F898B4D5C805B4 /* LaunchScreen.storyboard in Resources */,
			);
			runOnlyForDeploymentPostprocessing = 0;
		};
		9E32FE8CEC8B0A81E766557C /* Resources */ = {
			isa = PBXResourcesBuildPhase;
			buildActionMask = 2147483647;
			files = (
			);
			runOnlyForDeploymentPostprocessing = 0;
		};
/* End PBXResourcesBuildPhase section */

/* Begin PBXShellScriptBuildPhase section */
		81C09F43E3222620318B0784 /* [CP] Check Pods Manifest.lock */ = {
			isa = PBXShellScriptBuildPhase;
			buildActionMask = 2147483647;
			files = (
			);
			inputFileListPaths = (
			);
			inputPaths = (
				"${PODS_PODFILE_DIR_PATH}/Podfile.lock",
				"${PODS_ROOT}/Manifest.lock",
			);
			name = "[CP] Check Pods Manifest.lock";
			outputFileListPaths = (
			);
			outputPaths = (
				"$(DERIVED_FILE_DIR)/Pods-OCAppBoxTests-checkManifestLockResult.txt",
			);
			runOnlyForDeploymentPostprocessing = 0;
			shellPath = /bin/sh;
			shellScript = "diff \"${PODS_PODFILE_DIR_PATH}/Podfile.lock\" \"${PODS_ROOT}/Manifest.lock\" > /dev/null\nif [ $? != 0 ] ; then\n    # print error to STDERR\n    echo \"error: The sandbox is not in sync with the Podfile.lock. Run 'pod install' or update your CocoaPods installation.\" >&2\n    exit 1\nfi\n# This output is used by Xcode 'outputs' to avoid re-running this script phase.\necho \"SUCCESS\" > \"${SCRIPT_OUTPUT_FILE_0}\"\n";
			showEnvVarsInLog = 0;
		};
		B45110056CECE9EF1A74A1CC /* [CP] Check Pods Manifest.lock */ = {
			isa = PBXShellScriptBuildPhase;
			buildActionMask = 2147483647;
			files = (
			);
			inputFileListPaths = (
			);
			inputPaths = (
				"${PODS_PODFILE_DIR_PATH}/Podfile.lock",
				"${PODS_ROOT}/Manifest.lock",
			);
			name = "[CP] Check Pods Manifest.lock";
			outputFileListPaths = (
			);
			outputPaths = (
				"$(DERIVED_FILE_DIR)/Pods-OCAppBox-checkManifestLockResult.txt",
			);
			runOnlyForDeploymentPostprocessing = 0;
			shellPath = /bin/sh;
			shellScript = "diff \"${PODS_PODFILE_DIR_PATH}/Podfile.lock\" \"${PODS_ROOT}/Manifest.lock\" > /dev/null\nif [ $? != 0 ] ; then\n    # print error to STDERR\n    echo \"error: The sandbox is not in sync with the Podfile.lock. Run 'pod install' or update your CocoaPods installation.\" >&2\n    exit 1\nfi\n# This output is used by Xcode 'outputs' to avoid re-running this script phase.\necho \"SUCCESS\" > \"${SCRIPT_OUTPUT_FILE_0}\"\n";
			showEnvVarsInLog = 0;
		};
/* End PBXShellScriptBuildPhase section */

/* Begin PBXSourcesBuildPhase section */
		2B80BB0EA082AB7699DE90BC /* Sources */ = {
			isa = PBXSourcesBuildPhase;
			buildActionMask = 2147483647;
			files = (
				BD1A874EB28B0F2591F22B8D /* OCBAppContextTests.m in Sources */,
				7B23B3FD874033054AFB3671 /* OCBBaseAPIServiceTests.m in Sources */,
				42F5D41828C12763BEA3DB29 /* OCBBaseModelTests.m in Sources */,
				4D9CC4E35E6F816B527D6AF9 /* OCBCacheCenterTests.m in Sources */,
				4DAEF880ECE97A03042B95C7 /* OCBConfigCenterTests.m in Sources */,
				24B6B7A1C54F58B5FC9CBFDD /* OCBDemoAppLauncherTests.m in Sources */,
				13078E2017D893E842A36861 /* OCBFoundationTests.m in Sources */,
				4E3767F6FACC13C72F72DF84 /* OCBKeychainStoreTests.m in Sources */,
				E5FE96927B938E74FBB8D1A8 /* OCBModuleManagerTests.m in Sources */,
				DD0C3E7EE6CDACE0E1A649FD /* OCBNetworkClientTests.m in Sources */,
				ADCF97B48C497EA3D5D4F65B /* OCBNetworkResponseTests.m in Sources */,
				5CF96A69D0A36422C34B65B8 /* OCBRouterTests.m in Sources */,
				722FACEF76AA18F8B41CCA45 /* OCBServiceRegistryTests.m in Sources */,
				C8B35806ACE5D9C2A2FA928C /* OCBStarterAppConfigurationTests.m in Sources */,
				4F00951F073B40CFADCBC25D /* OCBUIBaseControllerTests.m in Sources */,
			);
			runOnlyForDeploymentPostprocessing = 0;
		};
		E6D0215D6CC70BE4999D0105 /* Sources */ = {
			isa = PBXSourcesBuildPhase;
			buildActionMask = 2147483647;
			files = (
				0E6FF7B646A19819DF6C9AB5 /* AppDelegate.m in Sources */,
				684ABBF292CB61EDE228C0FD /* OCBAppContext.m in Sources */,
				7DFD19A148CF2FEAB6CDF1FE /* OCBAutoRegister.m in Sources */,
				1313F8CCBF26DB3FECA01F3E /* OCBModuleManager.m in Sources */,
				5D051C35F1B7E1FC87B22A76 /* OCBRouter.m in Sources */,
				9A3C9B6FD5CF769041CA31E8 /* OCBServiceRegistry.m in Sources */,
				169B44C4B611CF1E345E4E7B /* OCBBaseModel.m in Sources */,
				427830C2C0E8071347C7EAAA /* NSArray+OCBAdditions.m in Sources */,
				848B56EC9E881C62E5B9385C /* NSDictionary+OCBAdditions.m in Sources */,
				EF53B0E4AA5DAF29BF73D666 /* NSString+OCBAdditions.m in Sources */,
				FA9024363AC671C09053907C /* UIColor+OCBAdditions.m in Sources */,
				9B179DCE75A26BCCBE89BC0A /* UIView+OCBAdditions.m in Sources */,
				79EF5D385F45200D58A0B643 /* OCBAppMetadata.m in Sources */,
				DB9F0AA466EEA2B89B043A14 /* OCBDemoAppLauncher.m in Sources */,
				8545C0521EE69A84D98641A7 /* OCBDemoRouteCatalog.m in Sources */,
				0F55345E4D97455A3359D6ED /* OCBStarterAppConfiguration.m in Sources */,
				8B5D9BAC4F1D7837C47875EC /* OCBConfigCenter.m in Sources */,
				16BBA247A5DD7842E4600C92 /* OCBLogger.m in Sources */,
				2E4A135D2ECAC02A5FC5B375 /* OCBAPIResponseMapper.m in Sources */,
				55F5315201A978EE3C5211B2 /* OCBNetworkClient.m in Sources */,
				171650AC3450FD9DF4110278 /* OCBNetworkError.m in Sources */,
				CBDDFD53C0830D3A37A0EC12 /* OCBNetworkResponse.m in Sources */,
				2E8F2D879B25052CA8BB3D41 /* OCBRequest.m in Sources */,
				0C095832362D16490D8EED09 /* OCBKeychainStore.m in Sources */,
				CD04847AD9EB21A3D06A5C0E /* OCBCacheCenter.m in Sources */,
				1E3DB05F208788331DBE7142 /* OCBAccountBootstrapTask.m in Sources */,
				24BFF93DC321096A74621B9B /* OCBAccountModule.m in Sources */,
				46277EE5C64D5B1C0330D1DA /* OCBAccountViewController.m in Sources */,
				77429FF25DD42B997325F6A8 /* OCBHomeBootstrapTask.m in Sources */,
				48DDEE895B77844C926CCB3D /* OCBHomeModule.m in Sources */,
				3BD4A6F20DAD313490BD2DCE /* OCBHomeViewController.m in Sources */,
				DD577E3EAD71634477A1E1A8 /* OCBProfileBootstrapTask.m in Sources */,
				AD68ABBBD60364D0230ED347 /* OCBProfileModule.m in Sources */,
				68C56C885934AC6D2ACECA77 /* OCBProfileViewController.m in Sources */,
				85724EF8E6B4F736DE97646A /* OCBAuthService.m in Sources */,
				75EFD499299346A45E851EB2 /* OCBBaseAPIService.m in Sources */,
				40822D802C5631F1C574B343 /* OCBRemoteConfigService.m in Sources */,
				579D884DDE1ADF0C4F791C06 /* OCBPermissionService.m in Sources */,
				509D93479F2E6662D274A5CC /* OCBUserSession.m in Sources */,
				51D09C6685C20DBA19E769C2 /* OCBUserSessionService.m in Sources */,
				A18643732D63F261B927421C /* OCBDebugPanelModule.m in Sources */,
				6867863B2952DDFD16A4E8F9 /* OCBDebugPanelViewController.m in Sources */,
				84EEBC0B938B0A2C26FF23D5 /* OCBBaseCollectionViewController.m in Sources */,
				D2B0B611A7CFE53D0CAE6339 /* OCBBaseTableViewController.m in Sources */,
				929C9A42FF89684D51C34389 /* OCBBaseViewController.m in Sources */,
				26A56935BCB8326B117367B8 /* OCBNavController.m in Sources */,
				EB2AD1A32BA3D0A9DEC4C0C3 /* OCBTabBarController.m in Sources */,
				E5FBBE2D5C812F7B53C87283 /* OCBTabBarItemDescriptor.m in Sources */,
				532A890E4F944A940DD74B51 /* OCBEmptyStateView.m in Sources */,
				0446E5D05094D4CCE01D84FD /* OCBLoadingView.m in Sources */,
				A1C205BBC4E9CAFE3E9D13B1 /* OCBToast.m in Sources */,
				138FAFB812ACACCA87EFC9D1 /* OCBThemeManager.m in Sources */,
				C507C5248A85AEAD6C722362 /* main.m in Sources */,
			);
			runOnlyForDeploymentPostprocessing = 0;
		};
/* End PBXSourcesBuildPhase section */

/* Begin PBXTargetDependency section */
		94179B1456E1CCB252925666 /* PBXTargetDependency */ = {
			isa = PBXTargetDependency;
			name = OCAppBox;
			target = A83EAFA15DC69B5605D023A9 /* OCAppBox */;
			targetProxy = 27C0281ACE5DB1D928BF84ED /* PBXContainerItemProxy */;
		};
/* End PBXTargetDependency section */

/* Begin XCBuildConfiguration section */
		1FB2FF252D1BCDD72E466398 /* Debug */ = {
			isa = XCBuildConfiguration;
			baseConfigurationReference = 68964ED1266C14AECE3E8911 /* Pods-OCAppBoxTests.debug.xcconfig */;
			buildSettings = {
				BUNDLE_LOADER = "$(TEST_HOST)";
				CLANG_ENABLE_OBJC_WEAK = NO;
				CODE_SIGN_STYLE = Automatic;
				FRAMEWORK_SEARCH_PATHS = (
					"$(inherited)",
					"$(PLATFORM_DIR)/Developer/Library/Frameworks",
				);
				GENERATE_INFOPLIST_FILE = YES;
				HEADER_SEARCH_PATHS = (
					"$(inherited)",
					"$(SRCROOT)/App",
					"$(SRCROOT)/App/**",
				);
				IPHONEOS_DEPLOYMENT_TARGET = 13.0;
				LD_RUNPATH_SEARCH_PATHS = "$(inherited) @executable_path/Frameworks @loader_path/Frameworks";
				OTHER_LDFLAGS = (
					"$(inherited)",
					"-framework",
					XCTest,
				);
				PRODUCT_BUNDLE_IDENTIFIER = com.example.ocappbox.tests;
				PRODUCT_NAME = "$(TARGET_NAME)";
				SDKROOT = iphoneos;
				TARGETED_DEVICE_FAMILY = "1,2";
				TEST_HOST = "$(BUILT_PRODUCTS_DIR)/OCAppBox.app/OCAppBox";
			};
			name = Debug;
		};
		655FFD46E982CE442BD9F8E7 /* Debug */ = {
			isa = XCBuildConfiguration;
			baseConfigurationReference = 64BE050B60D05EE9ED4E558B /* Pods-OCAppBox.debug.xcconfig */;
			buildSettings = {
				ASSETCATALOG_COMPILER_APPICON_NAME = "";
				ASSETCATALOG_COMPILER_GLOBAL_ACCENT_COLOR_NAME = AccentColor;
				CLANG_ENABLE_OBJC_WEAK = NO;
				CODE_SIGN_STYLE = Automatic;
				GENERATE_INFOPLIST_FILE = NO;
				HEADER_SEARCH_PATHS = (
					"$(inherited)",
					"$(SRCROOT)/App",
					"$(SRCROOT)/App/**",
				);
				INFOPLIST_FILE = App/Info.plist;
				IPHONEOS_DEPLOYMENT_TARGET = 13.0;
				LD_RUNPATH_SEARCH_PATHS = "$(inherited) @executable_path/Frameworks";
				PRODUCT_BUNDLE_IDENTIFIER = com.example.ocappbox;
				SDKROOT = iphoneos;
				TARGETED_DEVICE_FAMILY = "1,2";
			};
			name = Debug;
		};
		7624FBA0691F523608B5CA11 /* Release */ = {
			isa = XCBuildConfiguration;
			baseConfigurationReference = F6E2159A5397FB1BD0C4E6E1 /* Pods-OCAppBox.release.xcconfig */;
			buildSettings = {
				ASSETCATALOG_COMPILER_APPICON_NAME = "";
				ASSETCATALOG_COMPILER_GLOBAL_ACCENT_COLOR_NAME = AccentColor;
				CLANG_ENABLE_OBJC_WEAK = NO;
				CODE_SIGN_STYLE = Automatic;
				GENERATE_INFOPLIST_FILE = NO;
				HEADER_SEARCH_PATHS = (
					"$(inherited)",
					"$(SRCROOT)/App",
					"$(SRCROOT)/App/**",
				);
				INFOPLIST_FILE = App/Info.plist;
				IPHONEOS_DEPLOYMENT_TARGET = 13.0;
				LD_RUNPATH_SEARCH_PATHS = "$(inherited) @executable_path/Frameworks";
				PRODUCT_BUNDLE_IDENTIFIER = com.example.ocappbox;
				SDKROOT = iphoneos;
				TARGETED_DEVICE_FAMILY = "1,2";
				VALIDATE_PRODUCT = YES;
			};
			name = Release;
		};
		8309D47ED5BABB19FFF44816 /* Release */ = {
			isa = XCBuildConfiguration;
			baseConfigurationReference = E82C839A0CEBA3B9712561FB /* Pods-OCAppBoxTests.release.xcconfig */;
			buildSettings = {
				BUNDLE_LOADER = "$(TEST_HOST)";
				CLANG_ENABLE_OBJC_WEAK = NO;
				CODE_SIGN_STYLE = Automatic;
				FRAMEWORK_SEARCH_PATHS = (
					"$(inherited)",
					"$(PLATFORM_DIR)/Developer/Library/Frameworks",
				);
				GENERATE_INFOPLIST_FILE = YES;
				HEADER_SEARCH_PATHS = (
					"$(inherited)",
					"$(SRCROOT)/App",
					"$(SRCROOT)/App/**",
				);
				IPHONEOS_DEPLOYMENT_TARGET = 13.0;
				LD_RUNPATH_SEARCH_PATHS = "$(inherited) @executable_path/Frameworks @loader_path/Frameworks";
				OTHER_LDFLAGS = (
					"$(inherited)",
					"-framework",
					XCTest,
				);
				PRODUCT_BUNDLE_IDENTIFIER = com.example.ocappbox.tests;
				PRODUCT_NAME = "$(TARGET_NAME)";
				SDKROOT = iphoneos;
				TARGETED_DEVICE_FAMILY = "1,2";
				TEST_HOST = "$(BUILT_PRODUCTS_DIR)/OCAppBox.app/OCAppBox";
				VALIDATE_PRODUCT = YES;
			};
			name = Release;
		};
		C15DC388D4086569FD93A894 /* Debug */ = {
			isa = XCBuildConfiguration;
			buildSettings = {
				ALWAYS_SEARCH_USER_PATHS = NO;
				CLANG_ANALYZER_NONNULL = YES;
				CLANG_ANALYZER_NUMBER_OBJECT_CONVERSION = YES_AGGRESSIVE;
				CLANG_CXX_LANGUAGE_STANDARD = "gnu++14";
				CLANG_CXX_LIBRARY = "libc++";
				CLANG_ENABLE_MODULES = YES;
				CLANG_ENABLE_OBJC_ARC = YES;
				CLANG_ENABLE_OBJC_WEAK = YES;
				CLANG_WARN_BLOCK_CAPTURE_AUTORELEASING = YES;
				CLANG_WARN_BOOL_CONVERSION = YES;
				CLANG_WARN_COMMA = YES;
				CLANG_WARN_CONSTANT_CONVERSION = YES;
				CLANG_WARN_DEPRECATED_OBJC_IMPLEMENTATIONS = YES;
				CLANG_WARN_DIRECT_OBJC_ISA_USAGE = YES_ERROR;
				CLANG_WARN_DOCUMENTATION_COMMENTS = YES;
				CLANG_WARN_EMPTY_BODY = YES;
				CLANG_WARN_ENUM_CONVERSION = YES;
				CLANG_WARN_INFINITE_RECURSION = YES;
				CLANG_WARN_INT_CONVERSION = YES;
				CLANG_WARN_NON_LITERAL_NULL_CONVERSION = YES;
				CLANG_WARN_OBJC_IMPLICIT_RETAIN_SELF = YES;
				CLANG_WARN_OBJC_LITERAL_CONVERSION = YES;
				CLANG_WARN_OBJC_ROOT_CLASS = YES_ERROR;
				CLANG_WARN_QUOTED_INCLUDE_IN_FRAMEWORK_HEADER = YES;
				CLANG_WARN_RANGE_LOOP_ANALYSIS = YES;
				CLANG_WARN_STRICT_PROTOTYPES = YES;
				CLANG_WARN_SUSPICIOUS_MOVE = YES;
				CLANG_WARN_UNGUARDED_AVAILABILITY = YES_AGGRESSIVE;
				CLANG_WARN_UNREACHABLE_CODE = YES;
				CLANG_WARN__DUPLICATE_METHOD_MATCH = YES;
				COPY_PHASE_STRIP = NO;
				DEBUG_INFORMATION_FORMAT = dwarf;
				ENABLE_STRICT_OBJC_MSGSEND = YES;
				ENABLE_TESTABILITY = YES;
				GCC_C_LANGUAGE_STANDARD = gnu11;
				GCC_DYNAMIC_NO_PIC = NO;
				GCC_NO_COMMON_BLOCKS = YES;
				GCC_OPTIMIZATION_LEVEL = 0;
				GCC_PREPROCESSOR_DEFINITIONS = (
					"DEBUG=1",
					"$(inherited)",
				);
				GCC_WARN_64_TO_32_BIT_CONVERSION = YES;
				GCC_WARN_ABOUT_RETURN_TYPE = YES_ERROR;
				GCC_WARN_UNDECLARED_SELECTOR = YES;
				GCC_WARN_UNINITIALIZED_AUTOS = YES_AGGRESSIVE;
				GCC_WARN_UNUSED_FUNCTION = YES;
				GCC_WARN_UNUSED_VARIABLE = YES;
				MTL_ENABLE_DEBUG_INFO = INCLUDE_SOURCE;
				MTL_FAST_MATH = YES;
				ONLY_ACTIVE_ARCH = YES;
				PRODUCT_NAME = "$(TARGET_NAME)";
				SWIFT_ACTIVE_COMPILATION_CONDITIONS = DEBUG;
				SWIFT_OPTIMIZATION_LEVEL = "-Onone";
				SWIFT_VERSION = 5.0;
			};
			name = Debug;
		};
		CFC1613131B2C007C5731BE2 /* Release */ = {
			isa = XCBuildConfiguration;
			buildSettings = {
				ALWAYS_SEARCH_USER_PATHS = NO;
				CLANG_ANALYZER_NONNULL = YES;
				CLANG_ANALYZER_NUMBER_OBJECT_CONVERSION = YES_AGGRESSIVE;
				CLANG_CXX_LANGUAGE_STANDARD = "gnu++14";
				CLANG_CXX_LIBRARY = "libc++";
				CLANG_ENABLE_MODULES = YES;
				CLANG_ENABLE_OBJC_ARC = YES;
				CLANG_ENABLE_OBJC_WEAK = YES;
				CLANG_WARN_BLOCK_CAPTURE_AUTORELEASING = YES;
				CLANG_WARN_BOOL_CONVERSION = YES;
				CLANG_WARN_COMMA = YES;
				CLANG_WARN_CONSTANT_CONVERSION = YES;
				CLANG_WARN_DEPRECATED_OBJC_IMPLEMENTATIONS = YES;
				CLANG_WARN_DIRECT_OBJC_ISA_USAGE = YES_ERROR;
				CLANG_WARN_DOCUMENTATION_COMMENTS = YES;
				CLANG_WARN_EMPTY_BODY = YES;
				CLANG_WARN_ENUM_CONVERSION = YES;
				CLANG_WARN_INFINITE_RECURSION = YES;
				CLANG_WARN_INT_CONVERSION = YES;
				CLANG_WARN_NON_LITERAL_NULL_CONVERSION = YES;
				CLANG_WARN_OBJC_IMPLICIT_RETAIN_SELF = YES;
				CLANG_WARN_OBJC_LITERAL_CONVERSION = YES;
				CLANG_WARN_OBJC_ROOT_CLASS = YES_ERROR;
				CLANG_WARN_QUOTED_INCLUDE_IN_FRAMEWORK_HEADER = YES;
				CLANG_WARN_RANGE_LOOP_ANALYSIS = YES;
				CLANG_WARN_STRICT_PROTOTYPES = YES;
				CLANG_WARN_SUSPICIOUS_MOVE = YES;
				CLANG_WARN_UNGUARDED_AVAILABILITY = YES_AGGRESSIVE;
				CLANG_WARN_UNREACHABLE_CODE = YES;
				CLANG_WARN__DUPLICATE_METHOD_MATCH = YES;
				COPY_PHASE_STRIP = NO;
				DEBUG_INFORMATION_FORMAT = "dwarf-with-dsym";
				ENABLE_NS_ASSERTIONS = NO;
				ENABLE_STRICT_OBJC_MSGSEND = YES;
				GCC_C_LANGUAGE_STANDARD = gnu11;
				GCC_NO_COMMON_BLOCKS = YES;
				GCC_WARN_64_TO_32_BIT_CONVERSION = YES;
				GCC_WARN_ABOUT_RETURN_TYPE = YES_ERROR;
				GCC_WARN_UNDECLARED_SELECTOR = YES;
				GCC_WARN_UNINITIALIZED_AUTOS = YES_AGGRESSIVE;
				GCC_WARN_UNUSED_FUNCTION = YES;
				GCC_WARN_UNUSED_VARIABLE = YES;
				MTL_ENABLE_DEBUG_INFO = NO;
				MTL_FAST_MATH = YES;
				PRODUCT_NAME = "$(TARGET_NAME)";
				SWIFT_COMPILATION_MODE = wholemodule;
				SWIFT_OPTIMIZATION_LEVEL = "-O";
				SWIFT_VERSION = 5.0;
			};
			name = Release;
		};
/* End XCBuildConfiguration section */

/* Begin XCConfigurationList section */
		0CC1507B878A6B513A61ACFF /* Build configuration list for PBXProject "OCAppBox" */ = {
			isa = XCConfigurationList;
			buildConfigurations = (
				C15DC388D4086569FD93A894 /* Debug */,
				CFC1613131B2C007C5731BE2 /* Release */,
			);
			defaultConfigurationIsVisible = 0;
			defaultConfigurationName = Release;
		};
		4DFD24E4C37C59D958D1939D /* Build configuration list for PBXNativeTarget "OCAppBox" */ = {
			isa = XCConfigurationList;
			buildConfigurations = (
				7624FBA0691F523608B5CA11 /* Release */,
				655FFD46E982CE442BD9F8E7 /* Debug */,
			);
			defaultConfigurationIsVisible = 0;
			defaultConfigurationName = Release;
		};
		9DE32035ADF2AB26A0A19753 /* Build configuration list for PBXNativeTarget "OCAppBoxTests" */ = {
			isa = XCConfigurationList;
			buildConfigurations = (
				8309D47ED5BABB19FFF44816 /* Release */,
				1FB2FF252D1BCDD72E466398 /* Debug */,
			);
			defaultConfigurationIsVisible = 0;
			defaultConfigurationName = Release;
		};
/* End XCConfigurationList section */
	};
	rootObject = 7B27D4D9454229034F5F8485 /* Project object */;
}
