// !$*UTF8*$!
{
	archiveVersion = 1;
	classes = {
	};
	objectVersion = 46;
	objects = {

/* Begin PBXBuildFile section */
		12850FC20565E1CAEB005045 /* OCBAppContextTests.m in Sources */ = {isa = PBXBuildFile; fileRef = 76686676DDEC6C5A684640C6 /* OCBAppContextTests.m */; };
		13235B22D1F5F9737AD0A8F8 /* UIKit.framework in Frameworks */ = {isa = PBXBuildFile; fileRef = 630539716599ED2F13702C43 /* UIKit.framework */; };
		216A514E92422E738FBA632D /* Pods_OCAppBoxExampleTests.framework in Frameworks */ = {isa = PBXBuildFile; fileRef = 339DC0BC75CEA1884DD1E7AF /* Pods_OCAppBoxExampleTests.framework */; };
		22FAA8250D4FB05D212BDCB6 /* Foundation.framework in Frameworks */ = {isa = PBXBuildFile; fileRef = BE7F735C735D89881F28418A /* Foundation.framework */; };
		271B76FBFEA88CCC11E8190A /* OCBRouterTests.m in Sources */ = {isa = PBXBuildFile; fileRef = B28C06071C7A019815D4811A /* OCBRouterTests.m */; };
		330A0B092C871880FDD296F9 /* UIKit.framework in Frameworks */ = {isa = PBXBuildFile; fileRef = 630539716599ED2F13702C43 /* UIKit.framework */; };
		478C44A7FE284F28448EB20B /* OCBDemoAppLauncherTests.m in Sources */ = {isa = PBXBuildFile; fileRef = 06583B4794651E921404C74B /* OCBDemoAppLauncherTests.m */; };
		487B4F68C4B9AFF29B10A26A /* OCBDemoHomeViewController.m in Sources */ = {isa = PBXBuildFile; fileRef = AE1B0B07808BD032873D0E8E /* OCBDemoHomeViewController.m */; };
		51711EDCD9840E45C4D4959B /* AppDelegate.m in Sources */ = {isa = PBXBuildFile; fileRef = EC45A13235BF4DB118E861D8 /* AppDelegate.m */; };
		64D57A0ADE3EDFC9341557E5 /* OCBDemoAppLauncher.m in Sources */ = {isa = PBXBuildFile; fileRef = 81719C3471282A09DD1D98CF /* OCBDemoAppLauncher.m */; };
		6A16D318D1443AAFC554F1E6 /* OCBUIBaseControllerTests.m in Sources */ = {isa = PBXBuildFile; fileRef = 9A0DA29D84FCF8D68AA056DF /* OCBUIBaseControllerTests.m */; };
		6D2950C735126DD58E3EC44C /* OCBFoundationTests.m in Sources */ = {isa = PBXBuildFile; fileRef = 19587BC353E505AE81BE5DCB /* OCBFoundationTests.m */; };
		7FFE89383D301D400662F484 /* OCBServiceRegistryTests.m in Sources */ = {isa = PBXBuildFile; fileRef = 765D74FE15E8874DFF06F0EA /* OCBServiceRegistryTests.m */; };
		93699DC9C4B2E84A4B467FD0 /* OCBCacheCenterTests.m in Sources */ = {isa = PBXBuildFile; fileRef = EC82737B821C2E801D0D8668 /* OCBCacheCenterTests.m */; };
		9634B4346630EC4AEFF0472A /* main.m in Sources */ = {isa = PBXBuildFile; fileRef = 07D9D5716C641B103746A271 /* main.m */; };
		97958BC3B8C83385BAE20303 /* OCBModuleManagerTests.m in Sources */ = {isa = PBXBuildFile; fileRef = 91E37F1C1A58471C3C3086C3 /* OCBModuleManagerTests.m */; };
		B92A0EAD222453E90C09B6F8 /* OCBDemoModule.m in Sources */ = {isa = PBXBuildFile; fileRef = A2DDDC4153F42466B903F31B /* OCBDemoModule.m */; };
		BFD27F1F0F97438876316A8B /* Foundation.framework in Frameworks */ = {isa = PBXBuildFile; fileRef = BE7F735C735D89881F28418A /* Foundation.framework */; };
		D6CA58B7F9E28943DAAE8FDA /* Pods_OCAppBoxExample.framework in Frameworks */ = {isa = PBXBuildFile; fileRef = A7D177A120537F7087AF3983 /* Pods_OCAppBoxExample.framework */; };
		E494764B1559F5EA61F23819 /* OCBDemoBootstrapTask.m in Sources */ = {isa = PBXBuildFile; fileRef = 67308EC34197D7A6509F2E03 /* OCBDemoBootstrapTask.m */; };
		FFFA77E74A2821EFDF0D9A22 /* OCBDemoRouteCatalog.m in Sources */ = {isa = PBXBuildFile; fileRef = E7C63A37624756060E4ECF5C /* OCBDemoRouteCatalog.m */; };
/* End PBXBuildFile section */

/* Begin PBXContainerItemProxy section */
		E26578B0037975EB287F5EA7 /* PBXContainerItemProxy */ = {
			isa = PBXContainerItemProxy;
			containerPortal = 44CACCBFE6F58334AB8AC783 /* Project object */;
			proxyType = 1;
			remoteGlobalIDString = 710F00D3093E2D7333D0BDF0;
			remoteInfo = OCAppBoxExample;
		};
/* End PBXContainerItemProxy section */

/* Begin PBXFileReference section */
		06583B4794651E921404C74B /* OCBDemoAppLauncherTests.m */ = {isa = PBXFileReference; includeInIndex = 1; lastKnownFileType = sourcecode.c.objc; path = OCBDemoAppLauncherTests.m; sourceTree = "<group>"; };
		07D9D5716C641B103746A271 /* main.m */ = {isa = PBXFileReference; includeInIndex = 1; lastKnownFileType = sourcecode.c.objc; path = main.m; sourceTree = "<group>"; };
		117C51194B953134F34C271F /* AppDelegate.h */ = {isa = PBXFileReference; includeInIndex = 1; lastKnownFileType = sourcecode.c.h; path = AppDelegate.h; sourceTree = "<group>"; };
		19587BC353E505AE81BE5DCB /* OCBFoundationTests.m */ = {isa = PBXFileReference; includeInIndex = 1; lastKnownFileType = sourcecode.c.objc; path = OCBFoundationTests.m; sourceTree = "<group>"; };
		1D38C25140CA458E8B9420F7 /* Info.plist */ = {isa = PBXFileReference; includeInIndex = 1; lastKnownFileType = text.plist.xml; path = Info.plist; sourceTree = "<group>"; };
		2ECD5937FC5C8AE0C8F80B35 /* Pods-OCAppBoxExampleTests.debug.xcconfig */ = {isa = PBXFileReference; includeInIndex = 1; lastKnownFileType = text.xcconfig; name = "Pods-OCAppBoxExampleTests.debug.xcconfig"; path = "Target Support Files/Pods-OCAppBoxExampleTests/Pods-OCAppBoxExampleTests.debug.xcconfig"; sourceTree = "<group>"; };
		339DC0BC75CEA1884DD1E7AF /* Pods_OCAppBoxExampleTests.framework */ = {isa = PBXFileReference; explicitFileType = wrapper.framework; includeInIndex = 0; path = Pods_OCAppBoxExampleTests.framework; sourceTree = BUILT_PRODUCTS_DIR; };
		3B3B3AAF2CEC26C8169AA42A /* OCAppBoxExample.app */ = {isa = PBXFileReference; explicitFileType = wrapper.application; includeInIndex = 0; path = OCAppBoxExample.app; sourceTree = BUILT_PRODUCTS_DIR; };
		3BC78AE0934CA5D444259CFB /* OCBDemoBootstrapTask.h */ = {isa = PBXFileReference; includeInIndex = 1; lastKnownFileType = sourcecode.c.h; path = OCBDemoBootstrapTask.h; sourceTree = "<group>"; };
		4FA0B9962071275640A0553A /* Pods-OCAppBoxExample.debug.xcconfig */ = {isa = PBXFileReference; includeInIndex = 1; lastKnownFileType = text.xcconfig; name = "Pods-OCAppBoxExample.debug.xcconfig"; path = "Target Support Files/Pods-OCAppBoxExample/Pods-OCAppBoxExample.debug.xcconfig"; sourceTree = "<group>"; };
		630539716599ED2F13702C43 /* UIKit.framework */ = {isa = PBXFileReference; lastKnownFileType = wrapper.framework; name = UIKit.framework; path = System/Library/Frameworks/UIKit.framework; sourceTree = "<group>"; };
		67308EC34197D7A6509F2E03 /* OCBDemoBootstrapTask.m */ = {isa = PBXFileReference; includeInIndex = 1; lastKnownFileType = sourcecode.c.objc; path = OCBDemoBootstrapTask.m; sourceTree = "<group>"; };
		6F0068735E90F629F6D75D6B /* OCBDemoRouteCatalog.h */ = {isa = PBXFileReference; includeInIndex = 1; lastKnownFileType = sourcecode.c.h; path = OCBDemoRouteCatalog.h; sourceTree = "<group>"; };
		765D74FE15E8874DFF06F0EA /* OCBServiceRegistryTests.m */ = {isa = PBXFileReference; includeInIndex = 1; lastKnownFileType = sourcecode.c.objc; path = OCBServiceRegistryTests.m; sourceTree = "<group>"; };
		76686676DDEC6C5A684640C6 /* OCBAppContextTests.m */ = {isa = PBXFileReference; includeInIndex = 1; lastKnownFileType = sourcecode.c.objc; path = OCBAppContextTests.m; sourceTree = "<group>"; };
		80F7A422254AF0B2BD10A14D /* Pods-OCAppBoxExampleTests.release.xcconfig */ = {isa = PBXFileReference; includeInIndex = 1; lastKnownFileType = text.xcconfig; name = "Pods-OCAppBoxExampleTests.release.xcconfig"; path = "Target Support Files/Pods-OCAppBoxExampleTests/Pods-OCAppBoxExampleTests.release.xcconfig"; sourceTree = "<group>"; };
		81719C3471282A09DD1D98CF /* OCBDemoAppLauncher.m */ = {isa = PBXFileReference; includeInIndex = 1; lastKnownFileType = sourcecode.c.objc; path = OCBDemoAppLauncher.m; sourceTree = "<group>"; };
		91E37F1C1A58471C3C3086C3 /* OCBModuleManagerTests.m */ = {isa = PBXFileReference; includeInIndex = 1; lastKnownFileType = sourcecode.c.objc; path = OCBModuleManagerTests.m; sourceTree = "<group>"; };
		9A0DA29D84FCF8D68AA056DF /* OCBUIBaseControllerTests.m */ = {isa = PBXFileReference; includeInIndex = 1; lastKnownFileType = sourcecode.c.objc; path = OCBUIBaseControllerTests.m; sourceTree = "<group>"; };
		A2DDDC4153F42466B903F31B /* OCBDemoModule.m */ = {isa = PBXFileReference; includeInIndex = 1; lastKnownFileType = sourcecode.c.objc; path = OCBDemoModule.m; sourceTree = "<group>"; };
		A3CAF62F55B7E6DB70B1568B /* Pods-OCAppBoxExample.release.xcconfig */ = {isa = PBXFileReference; includeInIndex = 1; lastKnownFileType = text.xcconfig; name = "Pods-OCAppBoxExample.release.xcconfig"; path = "Target Support Files/Pods-OCAppBoxExample/Pods-OCAppBoxExample.release.xcconfig"; sourceTree = "<group>"; };
		A7D177A120537F7087AF3983 /* Pods_OCAppBoxExample.framework */ = {isa = PBXFileReference; explicitFileType = wrapper.framework; includeInIndex = 0; path = Pods_OCAppBoxExample.framework; sourceTree = BUILT_PRODUCTS_DIR; };
		A8A6337DB8B74327F2FCEC5A /* OCBDemoAppLauncher.h */ = {isa = PBXFileReference; includeInIndex = 1; lastKnownFileType = sourcecode.c.h; path = OCBDemoAppLauncher.h; sourceTree = "<group>"; };
		AE1B0B07808BD032873D0E8E /* OCBDemoHomeViewController.m */ = {isa = PBXFileReference; includeInIndex = 1; lastKnownFileType = sourcecode.c.objc; path = OCBDemoHomeViewController.m; sourceTree = "<group>"; };
		B28C06071C7A019815D4811A /* OCBRouterTests.m */ = {isa = PBXFileReference; includeInIndex = 1; lastKnownFileType = sourcecode.c.objc; path = OCBRouterTests.m; sourceTree = "<group>"; };
		BE7F735C735D89881F28418A /* Foundation.framework */ = {isa = PBXFileReference; lastKnownFileType = wrapper.framework; name = Foundation.framework; path = Platforms/iPhoneOS.platform/Developer/SDKs/iPhoneOS18.0.sdk/System/Library/Frameworks/Foundation.framework; sourceTree = DEVELOPER_DIR; };
		DA881CF97D329E4048943386 /* OCBDemoHomeViewController.h */ = {isa = PBXFileReference; includeInIndex = 1; lastKnownFileType = sourcecode.c.h; path = OCBDemoHomeViewController.h; sourceTree = "<group>"; };
		E73454915ACCC2B69D372AF8 /* OCAppBoxExampleTests.xctest */ = {isa = PBXFileReference; explicitFileType = wrapper.cfbundle; includeInIndex = 0; path = OCAppBoxExampleTests.xctest; sourceTree = BUILT_PRODUCTS_DIR; };
		E7C63A37624756060E4ECF5C /* OCBDemoRouteCatalog.m */ = {isa = PBXFileReference; includeInIndex = 1; lastKnownFileType = sourcecode.c.objc; path = OCBDemoRouteCatalog.m; sourceTree = "<group>"; };
		EB6805D8119B1D778C4409D8 /* OCBDemoModule.h */ = {isa = PBXFileReference; includeInIndex = 1; lastKnownFileType = sourcecode.c.h; path = OCBDemoModule.h; sourceTree = "<group>"; };
		EC45A13235BF4DB118E861D8 /* AppDelegate.m */ = {isa = PBXFileReference; includeInIndex = 1; lastKnownFileType = sourcecode.c.objc; path = AppDelegate.m; sourceTree = "<group>"; };
		EC82737B821C2E801D0D8668 /* OCBCacheCenterTests.m */ = {isa = PBXFileReference; includeInIndex = 1; lastKnownFileType = sourcecode.c.objc; path = OCBCacheCenterTests.m; sourceTree = "<group>"; };
/* End PBXFileReference section */

/* Begin PBXFrameworksBuildPhase section */
		495EEC83CE293FA1F14000E1 /* Frameworks */ = {
			isa = PBXFrameworksBuildPhase;
			buildActionMask = 2147483647;
			files = (
				BFD27F1F0F97438876316A8B /* Foundation.framework in Frameworks */,
				330A0B092C871880FDD296F9 /* UIKit.framework in Frameworks */,
				216A514E92422E738FBA632D /* Pods_OCAppBoxExampleTests.framework in Frameworks */,
			);
			runOnlyForDeploymentPostprocessing = 0;
		};
		9A6C047329584A7914A5AC86 /* Frameworks */ = {
			isa = PBXFrameworksBuildPhase;
			buildActionMask = 2147483647;
			files = (
				22FAA8250D4FB05D212BDCB6 /* Foundation.framework in Frameworks */,
				13235B22D1F5F9737AD0A8F8 /* UIKit.framework in Frameworks */,
				D6CA58B7F9E28943DAAE8FDA /* Pods_OCAppBoxExample.framework in Frameworks */,
			);
			runOnlyForDeploymentPostprocessing = 0;
		};
/* End PBXFrameworksBuildPhase section */

/* Begin PBXGroup section */
		375BC551400FC2C332D5D1C0 /* Products */ = {
			isa = PBXGroup;
			children = (
				3B3B3AAF2CEC26C8169AA42A /* OCAppBoxExample.app */,
				E73454915ACCC2B69D372AF8 /* OCAppBoxExampleTests.xctest */,
			);
			name = Products;
			sourceTree = "<group>";
		};
		5638311AF5ADD5A14D426BF4 /* OCAppBoxExampleTests */ = {
			isa = PBXGroup;
			children = (
				76686676DDEC6C5A684640C6 /* OCBAppContextTests.m */,
				19587BC353E505AE81BE5DCB /* OCBFoundationTests.m */,
				06583B4794651E921404C74B /* OCBDemoAppLauncherTests.m */,
				91E37F1C1A58471C3C3086C3 /* OCBModuleManagerTests.m */,
				B28C06071C7A019815D4811A /* OCBRouterTests.m */,
				765D74FE15E8874DFF06F0EA /* OCBServiceRegistryTests.m */,
				9A0DA29D84FCF8D68AA056DF /* OCBUIBaseControllerTests.m */,
				EC82737B821C2E801D0D8668 /* OCBCacheCenterTests.m */,
			);
			name = OCAppBoxExampleTests;
			path = OCAppBoxExampleTests;
			sourceTree = "<group>";
		};
		600CC5B706E13FEB2DE54923 /* Demo */ = {
			isa = PBXGroup;
			children = (
				3BC78AE0934CA5D444259CFB /* OCBDemoBootstrapTask.h */,
				67308EC34197D7A6509F2E03 /* OCBDemoBootstrapTask.m */,
				DA881CF97D329E4048943386 /* OCBDemoHomeViewController.h */,
				AE1B0B07808BD032873D0E8E /* OCBDemoHomeViewController.m */,
				EB6805D8119B1D778C4409D8 /* OCBDemoModule.h */,
				A2DDDC4153F42466B903F31B /* OCBDemoModule.m */,
			);
			name = Demo;
			path = Demo;
			sourceTree = "<group>";
		};
		62165D2E1E6B3AFBF796B110 /* Host */ = {
			isa = PBXGroup;
			children = (
				A8A6337DB8B74327F2FCEC5A /* OCBDemoAppLauncher.h */,
				81719C3471282A09DD1D98CF /* OCBDemoAppLauncher.m */,
				6F0068735E90F629F6D75D6B /* OCBDemoRouteCatalog.h */,
				E7C63A37624756060E4ECF5C /* OCBDemoRouteCatalog.m */,
			);
			name = Host;
			path = Host;
			sourceTree = "<group>";
		};
		9D41281E47DDEC18A643FFD7 /* iOS */ = {
			isa = PBXGroup;
			children = (
				BE7F735C735D89881F28418A /* Foundation.framework */,
			);
			name = iOS;
			sourceTree = "<group>";
		};
		A64F88C05997F308486DA787 /* OCAppBoxExample */ = {
			isa = PBXGroup;
			children = (
				62165D2E1E6B3AFBF796B110 /* Host */,
				600CC5B706E13FEB2DE54923 /* Demo */,
				117C51194B953134F34C271F /* AppDelegate.h */,
				EC45A13235BF4DB118E861D8 /* AppDelegate.m */,
				1D38C25140CA458E8B9420F7 /* Info.plist */,
				07D9D5716C641B103746A271 /* main.m */,
			);
			name = OCAppBoxExample;
			path = OCAppBoxExample;
			sourceTree = "<group>";
		};
		ABF8C2E3F9BC45E6262D4472 /* Pods */ = {
			isa = PBXGroup;
			children = (
				A3CAF62F55B7E6DB70B1568B /* Pods-OCAppBoxExample.release.xcconfig */,
				4FA0B9962071275640A0553A /* Pods-OCAppBoxExample.debug.xcconfig */,
				80F7A422254AF0B2BD10A14D /* Pods-OCAppBoxExampleTests.release.xcconfig */,
				2ECD5937FC5C8AE0C8F80B35 /* Pods-OCAppBoxExampleTests.debug.xcconfig */,
			);
			name = Pods;
			path = Pods;
			sourceTree = "<group>";
		};
		BB38C4967B3D1602B47BA036 /* Frameworks */ = {
			isa = PBXGroup;
			children = (
				9D41281E47DDEC18A643FFD7 /* iOS */,
				630539716599ED2F13702C43 /* UIKit.framework */,
				A7D177A120537F7087AF3983 /* Pods_OCAppBoxExample.framework */,
				339DC0BC75CEA1884DD1E7AF /* Pods_OCAppBoxExampleTests.framework */,
			);
			name = Frameworks;
			sourceTree = "<group>";
		};
		BD0BEB4AF2A98566BB15517E = {
			isa = PBXGroup;
			children = (
				375BC551400FC2C332D5D1C0 /* Products */,
				BB38C4967B3D1602B47BA036 /* Frameworks */,
				A64F88C05997F308486DA787 /* OCAppBoxExample */,
				5638311AF5ADD5A14D426BF4 /* OCAppBoxExampleTests */,
				ABF8C2E3F9BC45E6262D4472 /* Pods */,
			);
			sourceTree = "<group>";
		};
/* End PBXGroup section */

/* Begin PBXNativeTarget section */
		710F00D3093E2D7333D0BDF0 /* OCAppBoxExample */ = {
			isa = PBXNativeTarget;
			buildConfigurationList = 6B7941D33C37BC5F89436EAF /* Build configuration list for PBXNativeTarget "OCAppBoxExample" */;
			buildPhases = (
				09A48C8B890AEEEE91EE50B0 /* [CP] Check Pods Manifest.lock */,
				55DC865749C84C4B37F395A9 /* Sources */,
				9A6C047329584A7914A5AC86 /* Frameworks */,
				167113EE604A30225C53EEE3 /* Resources */,
			);
			buildRules = (
			);
			dependencies = (
			);
			name = OCAppBoxExample;
			productName = OCAppBoxExample;
			productReference = 3B3B3AAF2CEC26C8169AA42A /* OCAppBoxExample.app */;
			productType = "com.apple.product-type.application";
		};
		CA0396F500E1A60627EA2433 /* OCAppBoxExampleTests */ = {
			isa = PBXNativeTarget;
			buildConfigurationList = 838D591B33DFBB7817DA8D3F /* Build configuration list for PBXNativeTarget "OCAppBoxExampleTests" */;
			buildPhases = (
				1FFB19979CDAE87A2267EF85 /* [CP] Check Pods Manifest.lock */,
				0F7DDEE17D65DD3173013F65 /* Sources */,
				495EEC83CE293FA1F14000E1 /* Frameworks */,
				D0F046D4F6791EDE76F91D99 /* Resources */,
			);
			buildRules = (
			);
			dependencies = (
				68846D60BAA893E6BE2C2160 /* PBXTargetDependency */,
			);
			name = OCAppBoxExampleTests;
			productName = OCAppBoxExampleTests;
			productReference = E73454915ACCC2B69D372AF8 /* OCAppBoxExampleTests.xctest */;
			productType = "com.apple.product-type.bundle.unit-test";
		};
/* End PBXNativeTarget section */

/* Begin PBXProject section */
		44CACCBFE6F58334AB8AC783 /* Project object */ = {
			isa = PBXProject;
			attributes = {
				LastSwiftUpdateCheck = 1600;
				LastUpgradeCheck = 1600;
			};
			buildConfigurationList = 384DF235D1DF56F292A84D83 /* Build configuration list for PBXProject "OCAppBoxExample" */;
			compatibilityVersion = "Xcode 3.2";
			developmentRegion = en;
			hasScannedForEncodings = 0;
			knownRegions = (
				en,
				Base,
			);
			mainGroup = BD0BEB4AF2A98566BB15517E;
			minimizedProjectReferenceProxies = 0;
			preferredProjectObjectVersion = 77;
			productRefGroup = 375BC551400FC2C332D5D1C0 /* Products */;
			projectDirPath = "";
			projectRoot = "";
			targets = (
				710F00D3093E2D7333D0BDF0 /* OCAppBoxExample */,
				CA0396F500E1A60627EA2433 /* OCAppBoxExampleTests */,
			);
		};
/* End PBXProject section */

/* Begin PBXResourcesBuildPhase section */
		167113EE604A30225C53EEE3 /* Resources */ = {
			isa = PBXResourcesBuildPhase;
			buildActionMask = 2147483647;
			files = (
			);
			runOnlyForDeploymentPostprocessing = 0;
		};
		D0F046D4F6791EDE76F91D99 /* Resources */ = {
			isa = PBXResourcesBuildPhase;
			buildActionMask = 2147483647;
			files = (
			);
			runOnlyForDeploymentPostprocessing = 0;
		};
/* End PBXResourcesBuildPhase section */

/* Begin PBXShellScriptBuildPhase section */
		09A48C8B890AEEEE91EE50B0 /* [CP] Check Pods Manifest.lock */ = {
			isa = PBXShellScriptBuildPhase;
			buildActionMask = 2147483647;
			files = (
			);
			inputFileListPaths = (
			);
			inputPaths = (
				"${PODS_PODFILE_DIR_PATH}/Podfile.lock",
				"${PODS_ROOT}/Manifest.lock",
			);
			name = "[CP] Check Pods Manifest.lock";
			outputFileListPaths = (
			);
			outputPaths = (
				"$(DERIVED_FILE_DIR)/Pods-OCAppBoxExample-checkManifestLockResult.txt",
			);
			runOnlyForDeploymentPostprocessing = 0;
			shellPath = /bin/sh;
			shellScript = "diff \"${PODS_PODFILE_DIR_PATH}/Podfile.lock\" \"${PODS_ROOT}/Manifest.lock\" > /dev/null\nif [ $? != 0 ] ; then\n    # print error to STDERR\n    echo \"error: The sandbox is not in sync with the Podfile.lock. Run 'pod install' or update your CocoaPods installation.\" >&2\n    exit 1\nfi\n# This output is used by Xcode 'outputs' to avoid re-running this script phase.\necho \"SUCCESS\" > \"${SCRIPT_OUTPUT_FILE_0}\"\n";
			showEnvVarsInLog = 0;
		};
		1FFB19979CDAE87A2267EF85 /* [CP] Check Pods Manifest.lock */ = {
			isa = PBXShellScriptBuildPhase;
			buildActionMask = 2147483647;
			files = (
			);
			inputFileListPaths = (
			);
			inputPaths = (
				"${PODS_PODFILE_DIR_PATH}/Podfile.lock",
				"${PODS_ROOT}/Manifest.lock",
			);
			name = "[CP] Check Pods Manifest.lock";
			outputFileListPaths = (
			);
			outputPaths = (
				"$(DERIVED_FILE_DIR)/Pods-OCAppBoxExampleTests-checkManifestLockResult.txt",
			);
			runOnlyForDeploymentPostprocessing = 0;
			shellPath = /bin/sh;
			shellScript = "diff \"${PODS_PODFILE_DIR_PATH}/Podfile.lock\" \"${PODS_ROOT}/Manifest.lock\" > /dev/null\nif [ $? != 0 ] ; then\n    # print error to STDERR\n    echo \"error: The sandbox is not in sync with the Podfile.lock. Run 'pod install' or update your CocoaPods installation.\" >&2\n    exit 1\nfi\n# This output is used by Xcode 'outputs' to avoid re-running this script phase.\necho \"SUCCESS\" > \"${SCRIPT_OUTPUT_FILE_0}\"\n";
			showEnvVarsInLog = 0;
		};
/* End PBXShellScriptBuildPhase section */

/* Begin PBXSourcesBuildPhase section */
		0F7DDEE17D65DD3173013F65 /* Sources */ = {
			isa = PBXSourcesBuildPhase;
			buildActionMask = 2147483647;
			files = (
				12850FC20565E1CAEB005045 /* OCBAppContextTests.m in Sources */,
				6D2950C735126DD58E3EC44C /* OCBFoundationTests.m in Sources */,
				478C44A7FE284F28448EB20B /* OCBDemoAppLauncherTests.m in Sources */,
				97958BC3B8C83385BAE20303 /* OCBModuleManagerTests.m in Sources */,
				271B76FBFEA88CCC11E8190A /* OCBRouterTests.m in Sources */,
				7FFE89383D301D400662F484 /* OCBServiceRegistryTests.m in Sources */,
				6A16D318D1443AAFC554F1E6 /* OCBUIBaseControllerTests.m in Sources */,
				93699DC9C4B2E84A4B467FD0 /* OCBCacheCenterTests.m in Sources */,
			);
			runOnlyForDeploymentPostprocessing = 0;
		};
		55DC865749C84C4B37F395A9 /* Sources */ = {
			isa = PBXSourcesBuildPhase;
			buildActionMask = 2147483647;
			files = (
				51711EDCD9840E45C4D4959B /* AppDelegate.m in Sources */,
				9634B4346630EC4AEFF0472A /* main.m in Sources */,
				64D57A0ADE3EDFC9341557E5 /* OCBDemoAppLauncher.m in Sources */,
				FFFA77E74A2821EFDF0D9A22 /* OCBDemoRouteCatalog.m in Sources */,
				E494764B1559F5EA61F23819 /* OCBDemoBootstrapTask.m in Sources */,
				487B4F68C4B9AFF29B10A26A /* OCBDemoHomeViewController.m in Sources */,
				B92A0EAD222453E90C09B6F8 /* OCBDemoModule.m in Sources */,
			);
			runOnlyForDeploymentPostprocessing = 0;
		};
/* End PBXSourcesBuildPhase section */

/* Begin PBXTargetDependency section */
		68846D60BAA893E6BE2C2160 /* PBXTargetDependency */ = {
			isa = PBXTargetDependency;
			name = OCAppBoxExample;
			target = 710F00D3093E2D7333D0BDF0 /* OCAppBoxExample */;
			targetProxy = E26578B0037975EB287F5EA7 /* PBXContainerItemProxy */;
		};
/* End PBXTargetDependency section */

/* Begin XCBuildConfiguration section */
		1139C393DBB99A7FC53A8F82 /* Debug */ = {
			isa = XCBuildConfiguration;
			baseConfigurationReference = 4FA0B9962071275640A0553A /* Pods-OCAppBoxExample.debug.xcconfig */;
			buildSettings = {
				ASSETCATALOG_COMPILER_APPICON_NAME = "";
				ASSETCATALOG_COMPILER_GLOBAL_ACCENT_COLOR_NAME = AccentColor;
				CLANG_ENABLE_OBJC_WEAK = NO;
				CODE_SIGN_STYLE = Automatic;
				GENERATE_INFOPLIST_FILE = NO;
				INFOPLIST_FILE = OCAppBoxExample/Info.plist;
				IPHONEOS_DEPLOYMENT_TARGET = 13.0;
				LD_RUNPATH_SEARCH_PATHS = "$(inherited) @executable_path/Frameworks";
				PRODUCT_BUNDLE_IDENTIFIER = com.example.OCAppBoxExample;
				SDKROOT = iphoneos;
				TARGETED_DEVICE_FAMILY = "1,2";
			};
			name = Debug;
		};
		11B11375F7FDE6DD6E7C800E /* Release */ = {
			isa = XCBuildConfiguration;
			baseConfigurationReference = A3CAF62F55B7E6DB70B1568B /* Pods-OCAppBoxExample.release.xcconfig */;
			buildSettings = {
				ASSETCATALOG_COMPILER_APPICON_NAME = "";
				ASSETCATALOG_COMPILER_GLOBAL_ACCENT_COLOR_NAME = AccentColor;
				CLANG_ENABLE_OBJC_WEAK = NO;
				CODE_SIGN_STYLE = Automatic;
				GENERATE_INFOPLIST_FILE = NO;
				INFOPLIST_FILE = OCAppBoxExample/Info.plist;
				IPHONEOS_DEPLOYMENT_TARGET = 13.0;
				LD_RUNPATH_SEARCH_PATHS = "$(inherited) @executable_path/Frameworks";
				PRODUCT_BUNDLE_IDENTIFIER = com.example.OCAppBoxExample;
				SDKROOT = iphoneos;
				TARGETED_DEVICE_FAMILY = "1,2";
				VALIDATE_PRODUCT = YES;
			};
			name = Release;
		};
		80AA6704F6BCDF7F9B79E6F9 /* Release */ = {
			isa = XCBuildConfiguration;
			buildSettings = {
				ALWAYS_SEARCH_USER_PATHS = NO;
				CLANG_ANALYZER_NONNULL = YES;
				CLANG_ANALYZER_NUMBER_OBJECT_CONVERSION = YES_AGGRESSIVE;
				CLANG_CXX_LANGUAGE_STANDARD = "gnu++14";
				CLANG_CXX_LIBRARY = "libc++";
				CLANG_ENABLE_MODULES = YES;
				CLANG_ENABLE_OBJC_ARC = YES;
				CLANG_ENABLE_OBJC_WEAK = YES;
				CLANG_WARN_BLOCK_CAPTURE_AUTORELEASING = YES;
				CLANG_WARN_BOOL_CONVERSION = YES;
				CLANG_WARN_COMMA = YES;
				CLANG_WARN_CONSTANT_CONVERSION = YES;
				CLANG_WARN_DEPRECATED_OBJC_IMPLEMENTATIONS = YES;
				CLANG_WARN_DIRECT_OBJC_ISA_USAGE = YES_ERROR;
				CLANG_WARN_DOCUMENTATION_COMMENTS = YES;
				CLANG_WARN_EMPTY_BODY = YES;
				CLANG_WARN_ENUM_CONVERSION = YES;
				CLANG_WARN_INFINITE_RECURSION = YES;
				CLANG_WARN_INT_CONVERSION = YES;
				CLANG_WARN_NON_LITERAL_NULL_CONVERSION = YES;
				CLANG_WARN_OBJC_IMPLICIT_RETAIN_SELF = YES;
				CLANG_WARN_OBJC_LITERAL_CONVERSION = YES;
				CLANG_WARN_OBJC_ROOT_CLASS = YES_ERROR;
				CLANG_WARN_QUOTED_INCLUDE_IN_FRAMEWORK_HEADER = YES;
				CLANG_WARN_RANGE_LOOP_ANALYSIS = YES;
				CLANG_WARN_STRICT_PROTOTYPES = YES;
				CLANG_WARN_SUSPICIOUS_MOVE = YES;
				CLANG_WARN_UNGUARDED_AVAILABILITY = YES_AGGRESSIVE;
				CLANG_WARN_UNREACHABLE_CODE = YES;
				CLANG_WARN__DUPLICATE_METHOD_MATCH = YES;
				COPY_PHASE_STRIP = NO;
				DEBUG_INFORMATION_FORMAT = "dwarf-with-dsym";
				ENABLE_NS_ASSERTIONS = NO;
				ENABLE_STRICT_OBJC_MSGSEND = YES;
				GCC_C_LANGUAGE_STANDARD = gnu11;
				GCC_NO_COMMON_BLOCKS = YES;
				GCC_WARN_64_TO_32_BIT_CONVERSION = YES;
				GCC_WARN_ABOUT_RETURN_TYPE = YES_ERROR;
				GCC_WARN_UNDECLARED_SELECTOR = YES;
				GCC_WARN_UNINITIALIZED_AUTOS = YES_AGGRESSIVE;
				GCC_WARN_UNUSED_FUNCTION = YES;
				GCC_WARN_UNUSED_VARIABLE = YES;
				MTL_ENABLE_DEBUG_INFO = NO;
				MTL_FAST_MATH = YES;
				PRODUCT_NAME = "$(TARGET_NAME)";
				SWIFT_COMPILATION_MODE = wholemodule;
				SWIFT_OPTIMIZATION_LEVEL = "-O";
				SWIFT_VERSION = 5.0;
			};
			name = Release;
		};
		8A3B1B91B82F3C9D88B2DC1F /* Release */ = {
			isa = XCBuildConfiguration;
			baseConfigurationReference = 80F7A422254AF0B2BD10A14D /* Pods-OCAppBoxExampleTests.release.xcconfig */;
			buildSettings = {
				BUNDLE_LOADER = "$(TEST_HOST)";
				CLANG_ENABLE_OBJC_WEAK = NO;
				CODE_SIGN_STYLE = Automatic;
				FRAMEWORK_SEARCH_PATHS = (
					"$(inherited)",
					"$(PLATFORM_DIR)/Developer/Library/Frameworks",
				);
				GENERATE_INFOPLIST_FILE = YES;
				IPHONEOS_DEPLOYMENT_TARGET = 13.0;
				LD_RUNPATH_SEARCH_PATHS = "$(inherited) @executable_path/Frameworks @loader_path/Frameworks";
				OTHER_LDFLAGS = (
					"$(inherited)",
					"-framework",
					XCTest,
				);
				PRODUCT_BUNDLE_IDENTIFIER = com.example.OCAppBoxExampleTests;
				PRODUCT_NAME = "$(TARGET_NAME)";
				SDKROOT = iphoneos;
				TARGETED_DEVICE_FAMILY = "1,2";
				TEST_HOST = "$(BUILT_PRODUCTS_DIR)/OCAppBoxExample.app/OCAppBoxExample";
				VALIDATE_PRODUCT = YES;
			};
			name = Release;
		};
		B6A5375103A7837A028A73A9 /* Debug */ = {
			isa = XCBuildConfiguration;
			baseConfigurationReference = 2ECD5937FC5C8AE0C8F80B35 /* Pods-OCAppBoxExampleTests.debug.xcconfig */;
			buildSettings = {
				BUNDLE_LOADER = "$(TEST_HOST)";
				CLANG_ENABLE_OBJC_WEAK = NO;
				CODE_SIGN_STYLE = Automatic;
				FRAMEWORK_SEARCH_PATHS = (
					"$(inherited)",
					"$(PLATFORM_DIR)/Developer/Library/Frameworks",
				);
				GENERATE_INFOPLIST_FILE = YES;
				IPHONEOS_DEPLOYMENT_TARGET = 13.0;
				LD_RUNPATH_SEARCH_PATHS = "$(inherited) @executable_path/Frameworks @loader_path/Frameworks";
				OTHER_LDFLAGS = (
					"$(inherited)",
					"-framework",
					XCTest,
				);
				PRODUCT_BUNDLE_IDENTIFIER = com.example.OCAppBoxExampleTests;
				PRODUCT_NAME = "$(TARGET_NAME)";
				SDKROOT = iphoneos;
				TARGETED_DEVICE_FAMILY = "1,2";
				TEST_HOST = "$(BUILT_PRODUCTS_DIR)/OCAppBoxExample.app/OCAppBoxExample";
			};
			name = Debug;
		};
		D1C926A7DB70DA18360A9BF0 /* Debug */ = {
			isa = XCBuildConfiguration;
			buildSettings = {
				ALWAYS_SEARCH_USER_PATHS = NO;
				CLANG_ANALYZER_NONNULL = YES;
				CLANG_ANALYZER_NUMBER_OBJECT_CONVERSION = YES_AGGRESSIVE;
				CLANG_CXX_LANGUAGE_STANDARD = "gnu++14";
				CLANG_CXX_LIBRARY = "libc++";
				CLANG_ENABLE_MODULES = YES;
				CLANG_ENABLE_OBJC_ARC = YES;
				CLANG_ENABLE_OBJC_WEAK = YES;
				CLANG_WARN_BLOCK_CAPTURE_AUTORELEASING = YES;
				CLANG_WARN_BOOL_CONVERSION = YES;
				CLANG_WARN_COMMA = YES;
				CLANG_WARN_CONSTANT_CONVERSION = YES;
				CLANG_WARN_DEPRECATED_OBJC_IMPLEMENTATIONS = YES;
				CLANG_WARN_DIRECT_OBJC_ISA_USAGE = YES_ERROR;
				CLANG_WARN_DOCUMENTATION_COMMENTS = YES;
				CLANG_WARN_EMPTY_BODY = YES;
				CLANG_WARN_ENUM_CONVERSION = YES;
				CLANG_WARN_INFINITE_RECURSION = YES;
				CLANG_WARN_INT_CONVERSION = YES;
				CLANG_WARN_NON_LITERAL_NULL_CONVERSION = YES;
				CLANG_WARN_OBJC_IMPLICIT_RETAIN_SELF = YES;
				CLANG_WARN_OBJC_LITERAL_CONVERSION = YES;
				CLANG_WARN_OBJC_ROOT_CLASS = YES_ERROR;
				CLANG_WARN_QUOTED_INCLUDE_IN_FRAMEWORK_HEADER = YES;
				CLANG_WARN_RANGE_LOOP_ANALYSIS = YES;
				CLANG_WARN_STRICT_PROTOTYPES = YES;
				CLANG_WARN_SUSPICIOUS_MOVE = YES;
				CLANG_WARN_UNGUARDED_AVAILABILITY = YES_AGGRESSIVE;
				CLANG_WARN_UNREACHABLE_CODE = YES;
				CLANG_WARN__DUPLICATE_METHOD_MATCH = YES;
				COPY_PHASE_STRIP = NO;
				DEBUG_INFORMATION_FORMAT = dwarf;
				ENABLE_STRICT_OBJC_MSGSEND = YES;
				ENABLE_TESTABILITY = YES;
				GCC_C_LANGUAGE_STANDARD = gnu11;
				GCC_DYNAMIC_NO_PIC = NO;
				GCC_NO_COMMON_BLOCKS = YES;
				GCC_OPTIMIZATION_LEVEL = 0;
				GCC_PREPROCESSOR_DEFINITIONS = (
					"DEBUG=1",
					"$(inherited)",
				);
				GCC_WARN_64_TO_32_BIT_CONVERSION = YES;
				GCC_WARN_ABOUT_RETURN_TYPE = YES_ERROR;
				GCC_WARN_UNDECLARED_SELECTOR = YES;
				GCC_WARN_UNINITIALIZED_AUTOS = YES_AGGRESSIVE;
				GCC_WARN_UNUSED_FUNCTION = YES;
				GCC_WARN_UNUSED_VARIABLE = YES;
				MTL_ENABLE_DEBUG_INFO = INCLUDE_SOURCE;
				MTL_FAST_MATH = YES;
				ONLY_ACTIVE_ARCH = YES;
				PRODUCT_NAME = "$(TARGET_NAME)";
				SWIFT_ACTIVE_COMPILATION_CONDITIONS = DEBUG;
				SWIFT_OPTIMIZATION_LEVEL = "-Onone";
				SWIFT_VERSION = 5.0;
			};
			name = Debug;
		};
/* End XCBuildConfiguration section */

/* Begin XCConfigurationList section */
		384DF235D1DF56F292A84D83 /* Build configuration list for PBXProject "OCAppBoxExample" */ = {
			isa = XCConfigurationList;
			buildConfigurations = (
				D1C926A7DB70DA18360A9BF0 /* Debug */,
				80AA6704F6BCDF7F9B79E6F9 /* Release */,
			);
			defaultConfigurationIsVisible = 0;
			defaultConfigurationName = Release;
		};
		6B7941D33C37BC5F89436EAF /* Build configuration list for PBXNativeTarget "OCAppBoxExample" */ = {
			isa = XCConfigurationList;
			buildConfigurations = (
				11B11375F7FDE6DD6E7C800E /* Release */,
				1139C393DBB99A7FC53A8F82 /* Debug */,
			);
			defaultConfigurationIsVisible = 0;
			defaultConfigurationName = Release;
		};
		838D591B33DFBB7817DA8D3F /* Build configuration list for PBXNativeTarget "OCAppBoxExampleTests" */ = {
			isa = XCConfigurationList;
			buildConfigurations = (
				8A3B1B91B82F3C9D88B2DC1F /* Release */,
				B6A5375103A7837A028A73A9 /* Debug */,
			);
			defaultConfigurationIsVisible = 0;
			defaultConfigurationName = Release;
		};
/* End XCConfigurationList section */
	};
	rootObject = 44CACCBFE6F58334AB8AC783 /* Project object */;
}
